PODS:
  - iOSSnapshotTestCase (6.2.0):
    - iOSSnapshotTestCase/SwiftSupport (= 6.2.0)
  - iOSSnapshotTestCase/Core (6.2.0)
  - iOSSnapshotTestCase/SwiftSupport (6.2.0):
    - iOSSnapshotTestCase/Core
  - Kingfisher (5.10.1):
    - Kingfisher/Core (= 5.10.1)
  - Kingfisher/Core (5.10.1)
  - Nimble (8.0.4)
  - Nimble-Snapshots (8.0.0):
    - Nimble-Snapshots/Core (= 8.0.0)
  - Nimble-Snapshots/Core (8.0.0):
    - iOSSnapshotTestCase (~> 6.0)
    - Nimble (~> 8.0)
  - PromiseKit (6.10.0):
    - PromiseKit/CorePromise (= 6.10.0)
    - PromiseKit/Foundation (= 6.10.0)
    - PromiseKit/UIKit (= 6.10.0)
  - PromiseKit/CorePromise (6.10.0)
  - PromiseKit/Foundation (6.10.0):
    - PromiseKit/CorePromise
  - PromiseKit/UIKit (6.10.0):
    - PromiseKit/CorePromise
  - Quick (2.2.0)

DEPENDENCIES:
  - Kingfisher (= 5.10.1)
  - Nimble (= 8.0.4)
  - Nimble-Snapshots (= 8.0.0)
  - PromiseKit (= 6.10.0)
  - Quick (= 2.2.0)

SPEC REPOS:
  trunk:
    - iOSSnapshotTestCase
    - Kingfisher
    - Nimble
    - Nimble-Snapshots
    - PromiseKit
    - Quick

SPEC CHECKSUMS:
  iOSSnapshotTestCase: 9ab44cb5aa62b84d31847f40680112e15ec579a6
  Kingfisher: eb36b7dfcc78d60877051c92c119a2865972961a
  Nimble: 18d5360282923225d62b09d781f63abc1a0111fc
  Nimble-Snapshots: 8ec63f41ce6c7229a17be9a64edbc123b181f75b
  PromiseKit: 1fdaeb6c0a94a5114fcb814ff3d772b86886ad4e
  Quick: 7fb19e13be07b5dfb3b90d4f9824c855a11af40e

PODFILE CHECKSUM: a426ca95f98fccbb728f5b058579a7c0bc4541cc

COCOAPODS: 1.8.4
