PODS:
  - iOSSnapshotTestCase (6.2.0):
    - iOSSnapshotTestCase/SwiftSupport (= 6.2.0)
  - iOSSnapshotTestCase/Core (6.2.0)
  - iOSSnapshotTestCase/SwiftSupport (6.2.0):
    - iOSSnapshotTestCase/Core
  - KIF (3.7.9):
    - KIF/Core (= 3.7.9)
  - KIF/Core (3.7.9)
  - Kingfisher (5.13.4):
    - Kingfisher/Core (= 5.13.4)
  - Kingfisher/Core (5.13.4)
  - Nimble (8.0.7)
  - Nimble-Snapshots (8.2.0):
    - Nimble-Snapshots/Core (= 8.2.0)
  - Nimble-Snapshots/Core (8.2.0):
    - iOSSnapshotTestCase (~> 6.0)
    - Nimble (~> 8.0)
  - PromiseKit (6.13.0):
    - PromiseKit/CorePromise (= 6.13.0)
    - PromiseKit/Foundation (= 6.13.0)
    - PromiseKit/UIKit (= 6.13.0)
  - PromiseKit/CorePromise (6.13.0)
  - PromiseKit/Foundation (6.13.0):
    - PromiseKit/CorePromise
  - PromiseKit/UIKit (6.13.0):
    - PromiseKit/CorePromise
  - Quick (2.2.0)

DEPENDENCIES:
  - KIF (= 3.7.9)
  - Kingfisher (= 5.13.4)
  - Nimble (= 8.0.7)
  - Nimble-Snapshots (= 8.2.0)
  - PromiseKit (= 6.13.0)
  - Quick (= 2.2.0)

SPEC REPOS:
  trunk:
    - iOSSnapshotTestCase
    - KIF
    - Kingfisher
    - Nimble
    - Nimble-Snapshots
    - PromiseKit
    - Quick

SPEC CHECKSUMS:
  iOSSnapshotTestCase: 9ab44cb5aa62b84d31847f40680112e15ec579a6
  KIF: 350f96fb4205972a10e4c1a45774d48b2d8482d8
  Kingfisher: d2279a7abece3c7f25a80cd2b7f363ca5cf3f44c
  Nimble: a73af6ecd4c9106f434f3d55fc54570be3739e0b
  Nimble-Snapshots: 7a1133b2dcce853ecdf1026f0a17fedf03bc41c9
  PromiseKit: c8668a559f26c98277a543192c51bc38dd2dfc76
  Quick: 7fb19e13be07b5dfb3b90d4f9824c855a11af40e

PODFILE CHECKSUM: 7a5f0e6657cb3245e7d569e974bc2e75af8570d4

COCOAPODS: 1.9.1
