// !$*UTF8*$!
{
	archiveVersion = 1;
	classes = {
	};
	objectVersion = 51;
	objects = {

/* Begin PBXBuildFile section */
		91DF841778BF4B3F4B50C022 /* Pods_AmazingRepositoriesTests.framework in Frameworks */ = {isa = PBXBuildFile; fileRef = DD9E8D068575E5FEC7B838D6 /* Pods_AmazingRepositoriesTests.framework */; };
		9717309C12FE2AF532B0C42A /* Pods_AmazingRepositories_AmazingRepositoriesUITests.framework in Frameworks */ = {isa = PBXBuildFile; fileRef = 646CE878C649BF4B68A4E254 /* Pods_AmazingRepositories_AmazingRepositoriesUITests.framework */; };
		D1734508C20A40C682EA4E41 /* Pods_AmazingRepositories.framework in Frameworks */ = {isa = PBXBuildFile; fileRef = C8E061B4592579548B7BA38B /* Pods_AmazingRepositories.framework */; };
		FD31D9DF238CA75100FAE610 /* ListRepositoriesPresenter.swift in Sources */ = {isa = PBXBuildFile; fileRef = FD31D9D9238CA75100FAE610 /* ListRepositoriesPresenter.swift */; };
		FD31D9E0238CA75100FAE610 /* ListRepositoriesWorker.swift in Sources */ = {isa = PBXBuildFile; fileRef = FD31D9DA238CA75100FAE610 /* ListRepositoriesWorker.swift */; };
		FD31D9E1238CA75100FAE610 /* ListRepositoriesRouter.swift in Sources */ = {isa = PBXBuildFile; fileRef = FD31D9DB238CA75100FAE610 /* ListRepositoriesRouter.swift */; };
		FD31D9E2238CA75100FAE610 /* ListRepositoriesModels.swift in Sources */ = {isa = PBXBuildFile; fileRef = FD31D9DC238CA75100FAE610 /* ListRepositoriesModels.swift */; };
		FD31D9E3238CA75100FAE610 /* ListRepositoriesViewController.swift in Sources */ = {isa = PBXBuildFile; fileRef = FD31D9DD238CA75100FAE610 /* ListRepositoriesViewController.swift */; };
		FD31D9E4238CA75100FAE610 /* ListRepositoriesInteractor.swift in Sources */ = {isa = PBXBuildFile; fileRef = FD31D9DE238CA75100FAE610 /* ListRepositoriesInteractor.swift */; };
		FD31D9E7238CA83600FAE610 /* Endpoint.swift in Sources */ = {isa = PBXBuildFile; fileRef = FD31D9E6238CA83600FAE610 /* Endpoint.swift */; };
		FD31D9E9238CA8F100FAE610 /* NetworkProvider.swift in Sources */ = {isa = PBXBuildFile; fileRef = FD31D9E8238CA8F100FAE610 /* NetworkProvider.swift */; };
		FD31D9EB238CA95C00FAE610 /* NetworkError.swift in Sources */ = {isa = PBXBuildFile; fileRef = FD31D9EA238CA95C00FAE610 /* NetworkError.swift */; };
		FD31D9ED238CAA1700FAE610 /* Endpoint+Repositories.swift in Sources */ = {isa = PBXBuildFile; fileRef = FD31D9EC238CAA1700FAE610 /* Endpoint+Repositories.swift */; };
		FD31D9F1238CB8EA00FAE610 /* CustomViewDelegate.swift in Sources */ = {isa = PBXBuildFile; fileRef = FD31D9F0238CB8EA00FAE610 /* CustomViewDelegate.swift */; };
		FD31D9F3238CB92900FAE610 /* RepositoryTableViewCell.swift in Sources */ = {isa = PBXBuildFile; fileRef = FD31D9F2238CB92900FAE610 /* RepositoryTableViewCell.swift */; };
		FD60EE60239074CD008701C5 /* UIFont+Theme.swift in Sources */ = {isa = PBXBuildFile; fileRef = FD60EE5F239074CD008701C5 /* UIFont+Theme.swift */; };
		FD60EE6223909C3D008701C5 /* CGFloat+Metrics.swift in Sources */ = {isa = PBXBuildFile; fileRef = FD60EE6123909C3D008701C5 /* CGFloat+Metrics.swift */; };
		FD60EE642390A5E1008701C5 /* Int+SmallNumbers.swift in Sources */ = {isa = PBXBuildFile; fileRef = FD60EE632390A5E1008701C5 /* Int+SmallNumbers.swift */; };
		FD7BAB5C23941ABC00B20C01 /* LoadingActivityIndicator.swift in Sources */ = {isa = PBXBuildFile; fileRef = FD7BAB5B23941ABC00B20C01 /* LoadingActivityIndicator.swift */; };
		FD7BAB5E23941B8200B20C01 /* UIViewController+Alerts.swift in Sources */ = {isa = PBXBuildFile; fileRef = FD7BAB5D23941B8200B20C01 /* UIViewController+Alerts.swift */; };
		FD7BAB602394209000B20C01 /* EmptyClosure.swift in Sources */ = {isa = PBXBuildFile; fileRef = FD7BAB5F2394209000B20C01 /* EmptyClosure.swift */; };
		FDAB351E238DFDB100FACF31 /* UIColor+Theme.swift in Sources */ = {isa = PBXBuildFile; fileRef = FDAB351D238DFDB100FACF31 /* UIColor+Theme.swift */; };
		FDAB3520238E157300FACF31 /* RepositoryTableHeaderView.swift in Sources */ = {isa = PBXBuildFile; fileRef = FDAB351F238E157300FACF31 /* RepositoryTableHeaderView.swift */; };
		FDF5DFE3238CA34600AB4F92 /* AppDelegate.swift in Sources */ = {isa = PBXBuildFile; fileRef = FDF5DFE2238CA34600AB4F92 /* AppDelegate.swift */; };
		FDF5DFE5238CA34600AB4F92 /* SceneDelegate.swift in Sources */ = {isa = PBXBuildFile; fileRef = FDF5DFE4238CA34600AB4F92 /* SceneDelegate.swift */; };
		FDF5DFEC238CA34700AB4F92 /* Assets.xcassets in Resources */ = {isa = PBXBuildFile; fileRef = FDF5DFEB238CA34700AB4F92 /* Assets.xcassets */; };
		FDF5DFEF238CA34700AB4F92 /* LaunchScreen.storyboard in Resources */ = {isa = PBXBuildFile; fileRef = FDF5DFED238CA34700AB4F92 /* LaunchScreen.storyboard */; };
		FDF5DFFA238CA34700AB4F92 /* AmazingRepositoriesTests.swift in Sources */ = {isa = PBXBuildFile; fileRef = FDF5DFF9238CA34700AB4F92 /* AmazingRepositoriesTests.swift */; };
		FDF5E005238CA34700AB4F92 /* AmazingRepositoriesUITests.swift in Sources */ = {isa = PBXBuildFile; fileRef = FDF5E004238CA34700AB4F92 /* AmazingRepositoriesUITests.swift */; };
/* End PBXBuildFile section */

/* Begin PBXContainerItemProxy section */
		FDF5DFF6238CA34700AB4F92 /* PBXContainerItemProxy */ = {
			isa = PBXContainerItemProxy;
			containerPortal = FDF5DFD7238CA34500AB4F92 /* Project object */;
			proxyType = 1;
			remoteGlobalIDString = FDF5DFDE238CA34500AB4F92;
			remoteInfo = AmazingRepositories;
		};
		FDF5E001238CA34700AB4F92 /* PBXContainerItemProxy */ = {
			isa = PBXContainerItemProxy;
			containerPortal = FDF5DFD7238CA34500AB4F92 /* Project object */;
			proxyType = 1;
			remoteGlobalIDString = FDF5DFDE238CA34500AB4F92;
			remoteInfo = AmazingRepositories;
		};
/* End PBXContainerItemProxy section */

/* Begin PBXFileReference section */
		0A1DD97A38C567E406AFEA2F /* Pods-AmazingRepositoriesTests.debug.xcconfig */ = {isa = PBXFileReference; includeInIndex = 1; lastKnownFileType = text.xcconfig; name = "Pods-AmazingRepositoriesTests.debug.xcconfig"; path = "Target Support Files/Pods-AmazingRepositoriesTests/Pods-AmazingRepositoriesTests.debug.xcconfig"; sourceTree = "<group>"; };
		574CC51B16442BCD293C1382 /* Pods-AmazingRepositories-AmazingRepositoriesUITests.release.xcconfig */ = {isa = PBXFileReference; includeInIndex = 1; lastKnownFileType = text.xcconfig; name = "Pods-AmazingRepositories-AmazingRepositoriesUITests.release.xcconfig"; path = "Target Support Files/Pods-AmazingRepositories-AmazingRepositoriesUITests/Pods-AmazingRepositories-AmazingRepositoriesUITests.release.xcconfig"; sourceTree = "<group>"; };
		646CE878C649BF4B68A4E254 /* Pods_AmazingRepositories_AmazingRepositoriesUITests.framework */ = {isa = PBXFileReference; explicitFileType = wrapper.framework; includeInIndex = 0; path = Pods_AmazingRepositories_AmazingRepositoriesUITests.framework; sourceTree = BUILT_PRODUCTS_DIR; };
		834AB5BD09740475D75E104C /* Pods-AmazingRepositories-AmazingRepositoriesUITests.debug.xcconfig */ = {isa = PBXFileReference; includeInIndex = 1; lastKnownFileType = text.xcconfig; name = "Pods-AmazingRepositories-AmazingRepositoriesUITests.debug.xcconfig"; path = "Target Support Files/Pods-AmazingRepositories-AmazingRepositoriesUITests/Pods-AmazingRepositories-AmazingRepositoriesUITests.debug.xcconfig"; sourceTree = "<group>"; };
		896ED83FB9C8A9AF6EB52852 /* Pods-AmazingRepositoriesTests.release.xcconfig */ = {isa = PBXFileReference; includeInIndex = 1; lastKnownFileType = text.xcconfig; name = "Pods-AmazingRepositoriesTests.release.xcconfig"; path = "Target Support Files/Pods-AmazingRepositoriesTests/Pods-AmazingRepositoriesTests.release.xcconfig"; sourceTree = "<group>"; };
		C52E26758933316FB180B4F1 /* Pods-AmazingRepositories.release.xcconfig */ = {isa = PBXFileReference; includeInIndex = 1; lastKnownFileType = text.xcconfig; name = "Pods-AmazingRepositories.release.xcconfig"; path = "Target Support Files/Pods-AmazingRepositories/Pods-AmazingRepositories.release.xcconfig"; sourceTree = "<group>"; };
		C7736CE4403DFF40119EE3CC /* Pods-AmazingRepositories.debug.xcconfig */ = {isa = PBXFileReference; includeInIndex = 1; lastKnownFileType = text.xcconfig; name = "Pods-AmazingRepositories.debug.xcconfig"; path = "Target Support Files/Pods-AmazingRepositories/Pods-AmazingRepositories.debug.xcconfig"; sourceTree = "<group>"; };
		C8E061B4592579548B7BA38B /* Pods_AmazingRepositories.framework */ = {isa = PBXFileReference; explicitFileType = wrapper.framework; includeInIndex = 0; path = Pods_AmazingRepositories.framework; sourceTree = BUILT_PRODUCTS_DIR; };
		DD9E8D068575E5FEC7B838D6 /* Pods_AmazingRepositoriesTests.framework */ = {isa = PBXFileReference; explicitFileType = wrapper.framework; includeInIndex = 0; path = Pods_AmazingRepositoriesTests.framework; sourceTree = BUILT_PRODUCTS_DIR; };
		FD31D9D9238CA75100FAE610 /* ListRepositoriesPresenter.swift */ = {isa = PBXFileReference; lastKnownFileType = sourcecode.swift; path = ListRepositoriesPresenter.swift; sourceTree = "<group>"; };
		FD31D9DA238CA75100FAE610 /* ListRepositoriesWorker.swift */ = {isa = PBXFileReference; lastKnownFileType = sourcecode.swift; path = ListRepositoriesWorker.swift; sourceTree = "<group>"; };
		FD31D9DB238CA75100FAE610 /* ListRepositoriesRouter.swift */ = {isa = PBXFileReference; lastKnownFileType = sourcecode.swift; path = ListRepositoriesRouter.swift; sourceTree = "<group>"; };
		FD31D9DC238CA75100FAE610 /* ListRepositoriesModels.swift */ = {isa = PBXFileReference; lastKnownFileType = sourcecode.swift; path = ListRepositoriesModels.swift; sourceTree = "<group>"; };
		FD31D9DD238CA75100FAE610 /* ListRepositoriesViewController.swift */ = {isa = PBXFileReference; lastKnownFileType = sourcecode.swift; path = ListRepositoriesViewController.swift; sourceTree = "<group>"; };
		FD31D9DE238CA75100FAE610 /* ListRepositoriesInteractor.swift */ = {isa = PBXFileReference; lastKnownFileType = sourcecode.swift; path = ListRepositoriesInteractor.swift; sourceTree = "<group>"; };
		FD31D9E6238CA83600FAE610 /* Endpoint.swift */ = {isa = PBXFileReference; lastKnownFileType = sourcecode.swift; path = Endpoint.swift; sourceTree = "<group>"; };
		FD31D9E8238CA8F100FAE610 /* NetworkProvider.swift */ = {isa = PBXFileReference; lastKnownFileType = sourcecode.swift; path = NetworkProvider.swift; sourceTree = "<group>"; };
		FD31D9EA238CA95C00FAE610 /* NetworkError.swift */ = {isa = PBXFileReference; lastKnownFileType = sourcecode.swift; path = NetworkError.swift; sourceTree = "<group>"; };
		FD31D9EC238CAA1700FAE610 /* Endpoint+Repositories.swift */ = {isa = PBXFileReference; lastKnownFileType = sourcecode.swift; path = "Endpoint+Repositories.swift"; sourceTree = "<group>"; };
		FD31D9F0238CB8EA00FAE610 /* CustomViewDelegate.swift */ = {isa = PBXFileReference; lastKnownFileType = sourcecode.swift; path = CustomViewDelegate.swift; sourceTree = "<group>"; };
		FD31D9F2238CB92900FAE610 /* RepositoryTableViewCell.swift */ = {isa = PBXFileReference; lastKnownFileType = sourcecode.swift; path = RepositoryTableViewCell.swift; sourceTree = "<group>"; };
		FD60EE5F239074CD008701C5 /* UIFont+Theme.swift */ = {isa = PBXFileReference; lastKnownFileType = sourcecode.swift; path = "UIFont+Theme.swift"; sourceTree = "<group>"; };
		FD60EE6123909C3D008701C5 /* CGFloat+Metrics.swift */ = {isa = PBXFileReference; lastKnownFileType = sourcecode.swift; path = "CGFloat+Metrics.swift"; sourceTree = "<group>"; };
		FD60EE632390A5E1008701C5 /* Int+SmallNumbers.swift */ = {isa = PBXFileReference; lastKnownFileType = sourcecode.swift; path = "Int+SmallNumbers.swift"; sourceTree = "<group>"; };
		FD7BAB5B23941ABC00B20C01 /* LoadingActivityIndicator.swift */ = {isa = PBXFileReference; fileEncoding = 4; lastKnownFileType = sourcecode.swift; path = LoadingActivityIndicator.swift; sourceTree = "<group>"; };
		FD7BAB5D23941B8200B20C01 /* UIViewController+Alerts.swift */ = {isa = PBXFileReference; lastKnownFileType = sourcecode.swift; path = "UIViewController+Alerts.swift"; sourceTree = "<group>"; };
		FD7BAB5F2394209000B20C01 /* EmptyClosure.swift */ = {isa = PBXFileReference; lastKnownFileType = sourcecode.swift; path = EmptyClosure.swift; sourceTree = "<group>"; };
		FDAB351D238DFDB100FACF31 /* UIColor+Theme.swift */ = {isa = PBXFileReference; lastKnownFileType = sourcecode.swift; path = "UIColor+Theme.swift"; sourceTree = "<group>"; };
		FDAB351F238E157300FACF31 /* RepositoryTableHeaderView.swift */ = {isa = PBXFileReference; lastKnownFileType = sourcecode.swift; path = RepositoryTableHeaderView.swift; sourceTree = "<group>"; };
		FDF5DFDF238CA34600AB4F92 /* AmazingRepositories.app */ = {isa = PBXFileReference; explicitFileType = wrapper.application; includeInIndex = 0; path = AmazingRepositories.app; sourceTree = BUILT_PRODUCTS_DIR; };
		FDF5DFE2238CA34600AB4F92 /* AppDelegate.swift */ = {isa = PBXFileReference; lastKnownFileType = sourcecode.swift; path = AppDelegate.swift; sourceTree = "<group>"; };
		FDF5DFE4238CA34600AB4F92 /* SceneDelegate.swift */ = {isa = PBXFileReference; lastKnownFileType = sourcecode.swift; path = SceneDelegate.swift; sourceTree = "<group>"; };
		FDF5DFEB238CA34700AB4F92 /* Assets.xcassets */ = {isa = PBXFileReference; lastKnownFileType = folder.assetcatalog; path = Assets.xcassets; sourceTree = "<group>"; };
		FDF5DFEE238CA34700AB4F92 /* Base */ = {isa = PBXFileReference; lastKnownFileType = file.storyboard; name = Base; path = Base.lproj/LaunchScreen.storyboard; sourceTree = "<group>"; };
		FDF5DFF0238CA34700AB4F92 /* Info.plist */ = {isa = PBXFileReference; lastKnownFileType = text.plist.xml; path = Info.plist; sourceTree = "<group>"; };
		FDF5DFF5238CA34700AB4F92 /* AmazingRepositoriesTests.xctest */ = {isa = PBXFileReference; explicitFileType = wrapper.cfbundle; includeInIndex = 0; path = AmazingRepositoriesTests.xctest; sourceTree = BUILT_PRODUCTS_DIR; };
		FDF5DFF9238CA34700AB4F92 /* AmazingRepositoriesTests.swift */ = {isa = PBXFileReference; lastKnownFileType = sourcecode.swift; path = AmazingRepositoriesTests.swift; sourceTree = "<group>"; };
		FDF5DFFB238CA34700AB4F92 /* Info.plist */ = {isa = PBXFileReference; lastKnownFileType = text.plist.xml; path = Info.plist; sourceTree = "<group>"; };
		FDF5E000238CA34700AB4F92 /* AmazingRepositoriesUITests.xctest */ = {isa = PBXFileReference; explicitFileType = wrapper.cfbundle; includeInIndex = 0; path = AmazingRepositoriesUITests.xctest; sourceTree = BUILT_PRODUCTS_DIR; };
		FDF5E004238CA34700AB4F92 /* AmazingRepositoriesUITests.swift */ = {isa = PBXFileReference; lastKnownFileType = sourcecode.swift; path = AmazingRepositoriesUITests.swift; sourceTree = "<group>"; };
		FDF5E006238CA34700AB4F92 /* Info.plist */ = {isa = PBXFileReference; lastKnownFileType = text.plist.xml; path = Info.plist; sourceTree = "<group>"; };
/* End PBXFileReference section */

/* Begin PBXFrameworksBuildPhase section */
		FDF5DFDC238CA34500AB4F92 /* Frameworks */ = {
			isa = PBXFrameworksBuildPhase;
			buildActionMask = 2147483647;
			files = (
				D1734508C20A40C682EA4E41 /* Pods_AmazingRepositories.framework in Frameworks */,
			);
			runOnlyForDeploymentPostprocessing = 0;
		};
		FDF5DFF2238CA34700AB4F92 /* Frameworks */ = {
			isa = PBXFrameworksBuildPhase;
			buildActionMask = 2147483647;
			files = (
				91DF841778BF4B3F4B50C022 /* Pods_AmazingRepositoriesTests.framework in Frameworks */,
			);
			runOnlyForDeploymentPostprocessing = 0;
		};
		FDF5DFFD238CA34700AB4F92 /* Frameworks */ = {
			isa = PBXFrameworksBuildPhase;
			buildActionMask = 2147483647;
			files = (
				9717309C12FE2AF532B0C42A /* Pods_AmazingRepositories_AmazingRepositoriesUITests.framework in Frameworks */,
			);
			runOnlyForDeploymentPostprocessing = 0;
		};
/* End PBXFrameworksBuildPhase section */

/* Begin PBXGroup section */
		3CE01CD236B0D32D838C9133 /* Frameworks */ = {
			isa = PBXGroup;
			children = (
				C8E061B4592579548B7BA38B /* Pods_AmazingRepositories.framework */,
				646CE878C649BF4B68A4E254 /* Pods_AmazingRepositories_AmazingRepositoriesUITests.framework */,
				DD9E8D068575E5FEC7B838D6 /* Pods_AmazingRepositoriesTests.framework */,
			);
			name = Frameworks;
			sourceTree = "<group>";
		};
		48164A95408A767F7B335EB3 /* Pods */ = {
			isa = PBXGroup;
			children = (
				C7736CE4403DFF40119EE3CC /* Pods-AmazingRepositories.debug.xcconfig */,
				C52E26758933316FB180B4F1 /* Pods-AmazingRepositories.release.xcconfig */,
				834AB5BD09740475D75E104C /* Pods-AmazingRepositories-AmazingRepositoriesUITests.debug.xcconfig */,
				574CC51B16442BCD293C1382 /* Pods-AmazingRepositories-AmazingRepositoriesUITests.release.xcconfig */,
				0A1DD97A38C567E406AFEA2F /* Pods-AmazingRepositoriesTests.debug.xcconfig */,
				896ED83FB9C8A9AF6EB52852 /* Pods-AmazingRepositoriesTests.release.xcconfig */,
			);
			path = Pods;
			sourceTree = "<group>";
		};
		FD31D9D5238CA50A00FAE610 /* Bootstrap */ = {
			isa = PBXGroup;
			children = (
				FDF5DFE2238CA34600AB4F92 /* AppDelegate.swift */,
				FDF5DFE4238CA34600AB4F92 /* SceneDelegate.swift */,
			);
			path = Bootstrap;
			sourceTree = "<group>";
		};
		FD31D9D6238CA52400FAE610 /* Resources */ = {
			isa = PBXGroup;
			children = (
				FDF5DFEB238CA34700AB4F92 /* Assets.xcassets */,
				FDF5DFED238CA34700AB4F92 /* LaunchScreen.storyboard */,
				FDF5DFF0238CA34700AB4F92 /* Info.plist */,
			);
			path = Resources;
			sourceTree = "<group>";
		};
		FD31D9D7238CA72D00FAE610 /* Scenes */ = {
			isa = PBXGroup;
			children = (
				FD31D9D8238CA73800FAE610 /* List Repositories */,
			);
			path = Scenes;
			sourceTree = "<group>";
		};
		FD31D9D8238CA73800FAE610 /* List Repositories */ = {
			isa = PBXGroup;
			children = (
				FD31D9DB238CA75100FAE610 /* ListRepositoriesRouter.swift */,
				FD31D9DC238CA75100FAE610 /* ListRepositoriesModels.swift */,
				FD31D9DA238CA75100FAE610 /* ListRepositoriesWorker.swift */,
				FD31D9DE238CA75100FAE610 /* ListRepositoriesInteractor.swift */,
				FD31D9D9238CA75100FAE610 /* ListRepositoriesPresenter.swift */,
				FD31D9DD238CA75100FAE610 /* ListRepositoriesViewController.swift */,
			);
			path = "List Repositories";
			sourceTree = "<group>";
		};
		FD31D9E5238CA80E00FAE610 /* Networking */ = {
			isa = PBXGroup;
			children = (
				FD31D9E6238CA83600FAE610 /* Endpoint.swift */,
				FD31D9EC238CAA1700FAE610 /* Endpoint+Repositories.swift */,
				FD31D9EA238CA95C00FAE610 /* NetworkError.swift */,
				FD31D9E8238CA8F100FAE610 /* NetworkProvider.swift */,
			);
			path = Networking;
			sourceTree = "<group>";
		};
		FD31D9EE238CB89B00FAE610 /* Views */ = {
			isa = PBXGroup;
			children = (
				FDAB351C238DFD9E00FACF31 /* Extensions */,
				FD31D9EF238CB8D600FAE610 /* Definitions */,
				FD31D9F2238CB92900FAE610 /* RepositoryTableViewCell.swift */,
				FDAB351F238E157300FACF31 /* RepositoryTableHeaderView.swift */,
				FD7BAB5B23941ABC00B20C01 /* LoadingActivityIndicator.swift */,
			);
			path = Views;
			sourceTree = "<group>";
		};
		FD31D9EF238CB8D600FAE610 /* Definitions */ = {
			isa = PBXGroup;
			children = (
				FD31D9F0238CB8EA00FAE610 /* CustomViewDelegate.swift */,
				FD7BAB5F2394209000B20C01 /* EmptyClosure.swift */,
			);
			path = Definitions;
			sourceTree = "<group>";
		};
		FDAB351C238DFD9E00FACF31 /* Extensions */ = {
			isa = PBXGroup;
			children = (
				FDAB351D238DFDB100FACF31 /* UIColor+Theme.swift */,
				FD60EE5F239074CD008701C5 /* UIFont+Theme.swift */,
				FD60EE6123909C3D008701C5 /* CGFloat+Metrics.swift */,
				FD60EE632390A5E1008701C5 /* Int+SmallNumbers.swift */,
				FD7BAB5D23941B8200B20C01 /* UIViewController+Alerts.swift */,
			);
			path = Extensions;
			sourceTree = "<group>";
		};
		FDF5DFD6238CA34500AB4F92 = {
			isa = PBXGroup;
			children = (
				FDF5DFE1238CA34600AB4F92 /* AmazingRepositories */,
				FDF5DFF8238CA34700AB4F92 /* AmazingRepositoriesTests */,
				FDF5E003238CA34700AB4F92 /* AmazingRepositoriesUITests */,
				FDF5DFE0238CA34600AB4F92 /* Products */,
				48164A95408A767F7B335EB3 /* Pods */,
				3CE01CD236B0D32D838C9133 /* Frameworks */,
			);
			sourceTree = "<group>";
		};
		FDF5DFE0238CA34600AB4F92 /* Products */ = {
			isa = PBXGroup;
			children = (
				FDF5DFDF238CA34600AB4F92 /* AmazingRepositories.app */,
				FDF5DFF5238CA34700AB4F92 /* AmazingRepositoriesTests.xctest */,
				FDF5E000238CA34700AB4F92 /* AmazingRepositoriesUITests.xctest */,
			);
			name = Products;
			sourceTree = "<group>";
		};
		FDF5DFE1238CA34600AB4F92 /* AmazingRepositories */ = {
			isa = PBXGroup;
			children = (
				FD31D9D5238CA50A00FAE610 /* Bootstrap */,
				FD31D9D6238CA52400FAE610 /* Resources */,
				FD31D9E5238CA80E00FAE610 /* Networking */,
				FD31D9D7238CA72D00FAE610 /* Scenes */,
				FD31D9EE238CB89B00FAE610 /* Views */,
			);
			path = AmazingRepositories;
			sourceTree = "<group>";
		};
		FDF5DFF8238CA34700AB4F92 /* AmazingRepositoriesTests */ = {
			isa = PBXGroup;
			children = (
				FDF5DFF9238CA34700AB4F92 /* AmazingRepositoriesTests.swift */,
				FDF5DFFB238CA34700AB4F92 /* Info.plist */,
			);
			path = AmazingRepositoriesTests;
			sourceTree = "<group>";
		};
		FDF5E003238CA34700AB4F92 /* AmazingRepositoriesUITests */ = {
			isa = PBXGroup;
			children = (
				FDF5E004238CA34700AB4F92 /* AmazingRepositoriesUITests.swift */,
				FDF5E006238CA34700AB4F92 /* Info.plist */,
			);
			path = AmazingRepositoriesUITests;
			sourceTree = "<group>";
		};
/* End PBXGroup section */

/* Begin PBXNativeTarget section */
		FDF5DFDE238CA34500AB4F92 /* AmazingRepositories */ = {
			isa = PBXNativeTarget;
			buildConfigurationList = FDF5E009238CA34700AB4F92 /* Build configuration list for PBXNativeTarget "AmazingRepositories" */;
			buildPhases = (
				39DA030860C49C543ED43E80 /* [CP] Check Pods Manifest.lock */,
				FDF5DFDB238CA34500AB4F92 /* Sources */,
				FDF5DFDC238CA34500AB4F92 /* Frameworks */,
				FDF5DFDD238CA34500AB4F92 /* Resources */,
				9BA503F065FCDBB5D427819E /* [CP] Embed Pods Frameworks */,
			);
			buildRules = (
			);
			dependencies = (
			);
			name = AmazingRepositories;
			productName = AmazingRepositories;
			productReference = FDF5DFDF238CA34600AB4F92 /* AmazingRepositories.app */;
			productType = "com.apple.product-type.application";
		};
		FDF5DFF4238CA34700AB4F92 /* AmazingRepositoriesTests */ = {
			isa = PBXNativeTarget;
			buildConfigurationList = FDF5E00C238CA34700AB4F92 /* Build configuration list for PBXNativeTarget "AmazingRepositoriesTests" */;
			buildPhases = (
				DEB65E772D605180423CBA07 /* [CP] Check Pods Manifest.lock */,
				FDF5DFF1238CA34700AB4F92 /* Sources */,
				FDF5DFF2238CA34700AB4F92 /* Frameworks */,
				FDF5DFF3238CA34700AB4F92 /* Resources */,
			);
			buildRules = (
			);
			dependencies = (
				FDF5DFF7238CA34700AB4F92 /* PBXTargetDependency */,
			);
			name = AmazingRepositoriesTests;
			productName = AmazingRepositoriesTests;
			productReference = FDF5DFF5238CA34700AB4F92 /* AmazingRepositoriesTests.xctest */;
			productType = "com.apple.product-type.bundle.unit-test";
		};
		FDF5DFFF238CA34700AB4F92 /* AmazingRepositoriesUITests */ = {
			isa = PBXNativeTarget;
			buildConfigurationList = FDF5E00F238CA34700AB4F92 /* Build configuration list for PBXNativeTarget "AmazingRepositoriesUITests" */;
			buildPhases = (
				BF3E8988247858037460BF8D /* [CP] Check Pods Manifest.lock */,
				FDF5DFFC238CA34700AB4F92 /* Sources */,
				FDF5DFFD238CA34700AB4F92 /* Frameworks */,
				FDF5DFFE238CA34700AB4F92 /* Resources */,
				5C8277841E4055F979FA1EA9 /* [CP] Embed Pods Frameworks */,
			);
			buildRules = (
			);
			dependencies = (
				FDF5E002238CA34700AB4F92 /* PBXTargetDependency */,
			);
			name = AmazingRepositoriesUITests;
			productName = AmazingRepositoriesUITests;
			productReference = FDF5E000238CA34700AB4F92 /* AmazingRepositoriesUITests.xctest */;
			productType = "com.apple.product-type.bundle.ui-testing";
		};
/* End PBXNativeTarget section */

/* Begin PBXProject section */
		FDF5DFD7238CA34500AB4F92 /* Project object */ = {
			isa = PBXProject;
			attributes = {
				LastSwiftUpdateCheck = 1120;
				LastUpgradeCheck = 1120;
				ORGANIZATIONNAME = "Leandro Romano";
				TargetAttributes = {
					FDF5DFDE238CA34500AB4F92 = {
						CreatedOnToolsVersion = 11.2.1;
					};
					FDF5DFF4238CA34700AB4F92 = {
						CreatedOnToolsVersion = 11.2.1;
						TestTargetID = FDF5DFDE238CA34500AB4F92;
					};
					FDF5DFFF238CA34700AB4F92 = {
						CreatedOnToolsVersion = 11.2.1;
						TestTargetID = FDF5DFDE238CA34500AB4F92;
					};
				};
			};
			buildConfigurationList = FDF5DFDA238CA34500AB4F92 /* Build configuration list for PBXProject "AmazingRepositories" */;
			compatibilityVersion = "Xcode 9.3";
			developmentRegion = en;
			hasScannedForEncodings = 0;
			knownRegions = (
				en,
				Base,
			);
			mainGroup = FDF5DFD6238CA34500AB4F92;
			productRefGroup = FDF5DFE0238CA34600AB4F92 /* Products */;
			projectDirPath = "";
			projectRoot = "";
			targets = (
				FDF5DFDE238CA34500AB4F92 /* AmazingRepositories */,
				FDF5DFF4238CA34700AB4F92 /* AmazingRepositoriesTests */,
				FDF5DFFF238CA34700AB4F92 /* AmazingRepositoriesUITests */,
			);
		};
/* End PBXProject section */

/* Begin PBXResourcesBuildPhase section */
		FDF5DFDD238CA34500AB4F92 /* Resources */ = {
			isa = PBXResourcesBuildPhase;
			buildActionMask = 2147483647;
			files = (
				FDF5DFEF238CA34700AB4F92 /* LaunchScreen.storyboard in Resources */,
				FDF5DFEC238CA34700AB4F92 /* Assets.xcassets in Resources */,
			);
			runOnlyForDeploymentPostprocessing = 0;
		};
		FDF5DFF3238CA34700AB4F92 /* Resources */ = {
			isa = PBXResourcesBuildPhase;
			buildActionMask = 2147483647;
			files = (
			);
			runOnlyForDeploymentPostprocessing = 0;
		};
		FDF5DFFE238CA34700AB4F92 /* Resources */ = {
			isa = PBXResourcesBuildPhase;
			buildActionMask = 2147483647;
			files = (
			);
			runOnlyForDeploymentPostprocessing = 0;
		};
/* End PBXResourcesBuildPhase section */

/* Begin PBXShellScriptBuildPhase section */
		39DA030860C49C543ED43E80 /* [CP] Check Pods Manifest.lock */ = {
			isa = PBXShellScriptBuildPhase;
			buildActionMask = 2147483647;
			files = (
			);
			inputFileListPaths = (
			);
			inputPaths = (
				"${PODS_PODFILE_DIR_PATH}/Podfile.lock",
				"${PODS_ROOT}/Manifest.lock",
			);
			name = "[CP] Check Pods Manifest.lock";
			outputFileListPaths = (
			);
			outputPaths = (
				"$(DERIVED_FILE_DIR)/Pods-AmazingRepositories-checkManifestLockResult.txt",
			);
			runOnlyForDeploymentPostprocessing = 0;
			shellPath = /bin/sh;
			shellScript = "diff \"${PODS_PODFILE_DIR_PATH}/Podfile.lock\" \"${PODS_ROOT}/Manifest.lock\" > /dev/null\nif [ $? != 0 ] ; then\n    # print error to STDERR\n    echo \"error: The sandbox is not in sync with the Podfile.lock. Run 'pod install' or update your CocoaPods installation.\" >&2\n    exit 1\nfi\n# This output is used by Xcode 'outputs' to avoid re-running this script phase.\necho \"SUCCESS\" > \"${SCRIPT_OUTPUT_FILE_0}\"\n";
			showEnvVarsInLog = 0;
		};
		5C8277841E4055F979FA1EA9 /* [CP] Embed Pods Frameworks */ = {
			isa = PBXShellScriptBuildPhase;
			buildActionMask = 2147483647;
			files = (
			);
			inputFileListPaths = (
				"${PODS_ROOT}/Target Support Files/Pods-AmazingRepositories-AmazingRepositoriesUITests/Pods-AmazingRepositories-AmazingRepositoriesUITests-frameworks-${CONFIGURATION}-input-files.xcfilelist",
			);
			name = "[CP] Embed Pods Frameworks";
			outputFileListPaths = (
				"${PODS_ROOT}/Target Support Files/Pods-AmazingRepositories-AmazingRepositoriesUITests/Pods-AmazingRepositories-AmazingRepositoriesUITests-frameworks-${CONFIGURATION}-output-files.xcfilelist",
			);
			runOnlyForDeploymentPostprocessing = 0;
			shellPath = /bin/sh;
			shellScript = "\"${PODS_ROOT}/Target Support Files/Pods-AmazingRepositories-AmazingRepositoriesUITests/Pods-AmazingRepositories-AmazingRepositoriesUITests-frameworks.sh\"\n";
			showEnvVarsInLog = 0;
		};
		9BA503F065FCDBB5D427819E /* [CP] Embed Pods Frameworks */ = {
			isa = PBXShellScriptBuildPhase;
			buildActionMask = 2147483647;
			files = (
			);
			inputFileListPaths = (
				"${PODS_ROOT}/Target Support Files/Pods-AmazingRepositories/Pods-AmazingRepositories-frameworks-${CONFIGURATION}-input-files.xcfilelist",
			);
			name = "[CP] Embed Pods Frameworks";
			outputFileListPaths = (
				"${PODS_ROOT}/Target Support Files/Pods-AmazingRepositories/Pods-AmazingRepositories-frameworks-${CONFIGURATION}-output-files.xcfilelist",
			);
			runOnlyForDeploymentPostprocessing = 0;
			shellPath = /bin/sh;
			shellScript = "\"${PODS_ROOT}/Target Support Files/Pods-AmazingRepositories/Pods-AmazingRepositories-frameworks.sh\"\n";
			showEnvVarsInLog = 0;
		};
		BF3E8988247858037460BF8D /* [CP] Check Pods Manifest.lock */ = {
			isa = PBXShellScriptBuildPhase;
			buildActionMask = 2147483647;
			files = (
			);
			inputFileListPaths = (
			);
			inputPaths = (
				"${PODS_PODFILE_DIR_PATH}/Podfile.lock",
				"${PODS_ROOT}/Manifest.lock",
			);
			name = "[CP] Check Pods Manifest.lock";
			outputFileListPaths = (
			);
			outputPaths = (
				"$(DERIVED_FILE_DIR)/Pods-AmazingRepositories-AmazingRepositoriesUITests-checkManifestLockResult.txt",
			);
			runOnlyForDeploymentPostprocessing = 0;
			shellPath = /bin/sh;
			shellScript = "diff \"${PODS_PODFILE_DIR_PATH}/Podfile.lock\" \"${PODS_ROOT}/Manifest.lock\" > /dev/null\nif [ $? != 0 ] ; then\n    # print error to STDERR\n    echo \"error: The sandbox is not in sync with the Podfile.lock. Run 'pod install' or update your CocoaPods installation.\" >&2\n    exit 1\nfi\n# This output is used by Xcode 'outputs' to avoid re-running this script phase.\necho \"SUCCESS\" > \"${SCRIPT_OUTPUT_FILE_0}\"\n";
			showEnvVarsInLog = 0;
		};
		DEB65E772D605180423CBA07 /* [CP] Check Pods Manifest.lock */ = {
			isa = PBXShellScriptBuildPhase;
			buildActionMask = 2147483647;
			files = (
			);
			inputFileListPaths = (
			);
			inputPaths = (
				"${PODS_PODFILE_DIR_PATH}/Podfile.lock",
				"${PODS_ROOT}/Manifest.lock",
			);
			name = "[CP] Check Pods Manifest.lock";
			outputFileListPaths = (
			);
			outputPaths = (
				"$(DERIVED_FILE_DIR)/Pods-AmazingRepositoriesTests-checkManifestLockResult.txt",
			);
			runOnlyForDeploymentPostprocessing = 0;
			shellPath = /bin/sh;
			shellScript = "diff \"${PODS_PODFILE_DIR_PATH}/Podfile.lock\" \"${PODS_ROOT}/Manifest.lock\" > /dev/null\nif [ $? != 0 ] ; then\n    # print error to STDERR\n    echo \"error: The sandbox is not in sync with the Podfile.lock. Run 'pod install' or update your CocoaPods installation.\" >&2\n    exit 1\nfi\n# This output is used by Xcode 'outputs' to avoid re-running this script phase.\necho \"SUCCESS\" > \"${SCRIPT_OUTPUT_FILE_0}\"\n";
			showEnvVarsInLog = 0;
		};
/* End PBXShellScriptBuildPhase section */

/* Begin PBXSourcesBuildPhase section */
		FDF5DFDB238CA34500AB4F92 /* Sources */ = {
			isa = PBXSourcesBuildPhase;
			buildActionMask = 2147483647;
			files = (
				FDAB351E238DFDB100FACF31 /* UIColor+Theme.swift in Sources */,
				FD31D9DF238CA75100FAE610 /* ListRepositoriesPresenter.swift in Sources */,
				FD31D9E7238CA83600FAE610 /* Endpoint.swift in Sources */,
				FD31D9ED238CAA1700FAE610 /* Endpoint+Repositories.swift in Sources */,
				FD31D9E3238CA75100FAE610 /* ListRepositoriesViewController.swift in Sources */,
				FD31D9E2238CA75100FAE610 /* ListRepositoriesModels.swift in Sources */,
				FD60EE6223909C3D008701C5 /* CGFloat+Metrics.swift in Sources */,
				FD7BAB602394209000B20C01 /* EmptyClosure.swift in Sources */,
				FDAB3520238E157300FACF31 /* RepositoryTableHeaderView.swift in Sources */,
				FD60EE642390A5E1008701C5 /* Int+SmallNumbers.swift in Sources */,
				FD31D9E1238CA75100FAE610 /* ListRepositoriesRouter.swift in Sources */,
				FD31D9F1238CB8EA00FAE610 /* CustomViewDelegate.swift in Sources */,
				FD7BAB5E23941B8200B20C01 /* UIViewController+Alerts.swift in Sources */,
				FD31D9E4238CA75100FAE610 /* ListRepositoriesInteractor.swift in Sources */,
				FD31D9E0238CA75100FAE610 /* ListRepositoriesWorker.swift in Sources */,
				FD7BAB5C23941ABC00B20C01 /* LoadingActivityIndicator.swift in Sources */,
				FD31D9F3238CB92900FAE610 /* RepositoryTableViewCell.swift in Sources */,
				FDF5DFE3238CA34600AB4F92 /* AppDelegate.swift in Sources */,
				FDF5DFE5238CA34600AB4F92 /* SceneDelegate.swift in Sources */,
				FD31D9EB238CA95C00FAE610 /* NetworkError.swift in Sources */,
				FD31D9E9238CA8F100FAE610 /* NetworkProvider.swift in Sources */,
				FD60EE60239074CD008701C5 /* UIFont+Theme.swift in Sources */,
			);
			runOnlyForDeploymentPostprocessing = 0;
		};
		FDF5DFF1238CA34700AB4F92 /* Sources */ = {
			isa = PBXSourcesBuildPhase;
			buildActionMask = 2147483647;
			files = (
				FDF5DFFA238CA34700AB4F92 /* AmazingRepositoriesTests.swift in Sources */,
			);
			runOnlyForDeploymentPostprocessing = 0;
		};
		FDF5DFFC238CA34700AB4F92 /* Sources */ = {
			isa = PBXSourcesBuildPhase;
			buildActionMask = 2147483647;
			files = (
				FDF5E005238CA34700AB4F92 /* AmazingRepositoriesUITests.swift in Sources */,
			);
			runOnlyForDeploymentPostprocessing = 0;
		};
/* End PBXSourcesBuildPhase section */

/* Begin PBXTargetDependency section */
		FDF5DFF7238CA34700AB4F92 /* PBXTargetDependency */ = {
			isa = PBXTargetDependency;
			target = FDF5DFDE238CA34500AB4F92 /* AmazingRepositories */;
			targetProxy = FDF5DFF6238CA34700AB4F92 /* PBXContainerItemProxy */;
		};
		FDF5E002238CA34700AB4F92 /* PBXTargetDependency */ = {
			isa = PBXTargetDependency;
			target = FDF5DFDE238CA34500AB4F92 /* AmazingRepositories */;
			targetProxy = FDF5E001238CA34700AB4F92 /* PBXContainerItemProxy */;
		};
/* End PBXTargetDependency section */

/* Begin PBXVariantGroup section */
		FDF5DFED238CA34700AB4F92 /* LaunchScreen.storyboard */ = {
			isa = PBXVariantGroup;
			children = (
				FDF5DFEE238CA34700AB4F92 /* Base */,
			);
			name = LaunchScreen.storyboard;
			sourceTree = "<group>";
		};
/* End PBXVariantGroup section */

/* Begin XCBuildConfiguration section */
		FDF5E007238CA34700AB4F92 /* Debug */ = {
			isa = XCBuildConfiguration;
			buildSettings = {
				ALWAYS_SEARCH_USER_PATHS = NO;
				CLANG_ANALYZER_NONNULL = YES;
				CLANG_ANALYZER_NUMBER_OBJECT_CONVERSION = YES_AGGRESSIVE;
				CLANG_CXX_LANGUAGE_STANDARD = "gnu++14";
				CLANG_CXX_LIBRARY = "libc++";
				CLANG_ENABLE_MODULES = YES;
				CLANG_ENABLE_OBJC_ARC = YES;
				CLANG_ENABLE_OBJC_WEAK = YES;
				CLANG_WARN_BLOCK_CAPTURE_AUTORELEASING = YES;
				CLANG_WARN_BOOL_CONVERSION = YES;
				CLANG_WARN_COMMA = YES;
				CLANG_WARN_CONSTANT_CONVERSION = YES;
				CLANG_WARN_DEPRECATED_OBJC_IMPLEMENTATIONS = YES;
				CLANG_WARN_DIRECT_OBJC_ISA_USAGE = YES_ERROR;
				CLANG_WARN_DOCUMENTATION_COMMENTS = YES;
				CLANG_WARN_EMPTY_BODY = YES;
				CLANG_WARN_ENUM_CONVERSION = YES;
				CLANG_WARN_INFINITE_RECURSION = YES;
				CLANG_WARN_INT_CONVERSION = YES;
				CLANG_WARN_NON_LITERAL_NULL_CONVERSION = YES;
				CLANG_WARN_OBJC_IMPLICIT_RETAIN_SELF = YES;
				CLANG_WARN_OBJC_LITERAL_CONVERSION = YES;
				CLANG_WARN_OBJC_ROOT_CLASS = YES_ERROR;
				CLANG_WARN_RANGE_LOOP_ANALYSIS = YES;
				CLANG_WARN_STRICT_PROTOTYPES = YES;
				CLANG_WARN_SUSPICIOUS_MOVE = YES;
				CLANG_WARN_UNGUARDED_AVAILABILITY = YES_AGGRESSIVE;
				CLANG_WARN_UNREACHABLE_CODE = YES;
				CLANG_WARN__DUPLICATE_METHOD_MATCH = YES;
				COPY_PHASE_STRIP = NO;
				DEBUG_INFORMATION_FORMAT = dwarf;
				ENABLE_STRICT_OBJC_MSGSEND = YES;
				ENABLE_TESTABILITY = YES;
				GCC_C_LANGUAGE_STANDARD = gnu11;
				GCC_DYNAMIC_NO_PIC = NO;
				GCC_NO_COMMON_BLOCKS = YES;
				GCC_OPTIMIZATION_LEVEL = 0;
				GCC_PREPROCESSOR_DEFINITIONS = (
					"DEBUG=1",
					"$(inherited)",
				);
				GCC_WARN_64_TO_32_BIT_CONVERSION = YES;
				GCC_WARN_ABOUT_RETURN_TYPE = YES_ERROR;
				GCC_WARN_UNDECLARED_SELECTOR = YES;
				GCC_WARN_UNINITIALIZED_AUTOS = YES_AGGRESSIVE;
				GCC_WARN_UNUSED_FUNCTION = YES;
				GCC_WARN_UNUSED_VARIABLE = YES;
				IPHONEOS_DEPLOYMENT_TARGET = 13.2;
				MTL_ENABLE_DEBUG_INFO = INCLUDE_SOURCE;
				MTL_FAST_MATH = YES;
				ONLY_ACTIVE_ARCH = YES;
				SDKROOT = iphoneos;
				SWIFT_ACTIVE_COMPILATION_CONDITIONS = DEBUG;
				SWIFT_OPTIMIZATION_LEVEL = "-Onone";
			};
			name = Debug;
		};
		FDF5E008238CA34700AB4F92 /* Release */ = {
			isa = XCBuildConfiguration;
			buildSettings = {
				ALWAYS_SEARCH_USER_PATHS = NO;
				CLANG_ANALYZER_NONNULL = YES;
				CLANG_ANALYZER_NUMBER_OBJECT_CONVERSION = YES_AGGRESSIVE;
				CLANG_CXX_LANGUAGE_STANDARD = "gnu++14";
				CLANG_CXX_LIBRARY = "libc++";
				CLANG_ENABLE_MODULES = YES;
				CLANG_ENABLE_OBJC_ARC = YES;
				CLANG_ENABLE_OBJC_WEAK = YES;
				CLANG_WARN_BLOCK_CAPTURE_AUTORELEASING = YES;
				CLANG_WARN_BOOL_CONVERSION = YES;
				CLANG_WARN_COMMA = YES;
				CLANG_WARN_CONSTANT_CONVERSION = YES;
				CLANG_WARN_DEPRECATED_OBJC_IMPLEMENTATIONS = YES;
				CLANG_WARN_DIRECT_OBJC_ISA_USAGE = YES_ERROR;
				CLANG_WARN_DOCUMENTATION_COMMENTS = YES;
				CLANG_WARN_EMPTY_BODY = YES;
				CLANG_WARN_ENUM_CONVERSION = YES;
				CLANG_WARN_INFINITE_RECURSION = YES;
				CLANG_WARN_INT_CONVERSION = YES;
				CLANG_WARN_NON_LITERAL_NULL_CONVERSION = YES;
				CLANG_WARN_OBJC_IMPLICIT_RETAIN_SELF = YES;
				CLANG_WARN_OBJC_LITERAL_CONVERSION = YES;
				CLANG_WARN_OBJC_ROOT_CLASS = YES_ERROR;
				CLANG_WARN_RANGE_LOOP_ANALYSIS = YES;
				CLANG_WARN_STRICT_PROTOTYPES = YES;
				CLANG_WARN_SUSPICIOUS_MOVE = YES;
				CLANG_WARN_UNGUARDED_AVAILABILITY = YES_AGGRESSIVE;
				CLANG_WARN_UNREACHABLE_CODE = YES;
				CLANG_WARN__DUPLICATE_METHOD_MATCH = YES;
				COPY_PHASE_STRIP = NO;
				DEBUG_INFORMATION_FORMAT = "dwarf-with-dsym";
				ENABLE_NS_ASSERTIONS = NO;
				ENABLE_STRICT_OBJC_MSGSEND = YES;
				GCC_C_LANGUAGE_STANDARD = gnu11;
				GCC_NO_COMMON_BLOCKS = YES;
				GCC_WARN_64_TO_32_BIT_CONVERSION = YES;
				GCC_WARN_ABOUT_RETURN_TYPE = YES_ERROR;
				GCC_WARN_UNDECLARED_SELECTOR = YES;
				GCC_WARN_UNINITIALIZED_AUTOS = YES_AGGRESSIVE;
				GCC_WARN_UNUSED_FUNCTION = YES;
				GCC_WARN_UNUSED_VARIABLE = YES;
				IPHONEOS_DEPLOYMENT_TARGET = 13.2;
				MTL_ENABLE_DEBUG_INFO = NO;
				MTL_FAST_MATH = YES;
				SDKROOT = iphoneos;
				SWIFT_COMPILATION_MODE = wholemodule;
				SWIFT_OPTIMIZATION_LEVEL = "-O";
				VALIDATE_PRODUCT = YES;
			};
			name = Release;
		};
		FDF5E00A238CA34700AB4F92 /* Debug */ = {
			isa = XCBuildConfiguration;
			baseConfigurationReference = C7736CE4403DFF40119EE3CC /* Pods-AmazingRepositories.debug.xcconfig */;
			buildSettings = {
				ASSETCATALOG_COMPILER_APPICON_NAME = AppIcon;
				CODE_SIGN_STYLE = Automatic;
				INFOPLIST_FILE = AmazingRepositories/Resources/Info.plist;
				LD_RUNPATH_SEARCH_PATHS = (
					"$(inherited)",
					"@executable_path/Frameworks",
				);
				PRODUCT_BUNDLE_IDENTIFIER = com.leandroromano.AmazingRepositories;
				PRODUCT_NAME = "$(TARGET_NAME)";
				SWIFT_VERSION = 5.0;
				TARGETED_DEVICE_FAMILY = 1;
			};
			name = Debug;
		};
		FDF5E00B238CA34700AB4F92 /* Release */ = {
			isa = XCBuildConfiguration;
			baseConfigurationReference = C52E26758933316FB180B4F1 /* Pods-AmazingRepositories.release.xcconfig */;
			buildSettings = {
				ASSETCATALOG_COMPILER_APPICON_NAME = AppIcon;
				CODE_SIGN_STYLE = Automatic;
				INFOPLIST_FILE = AmazingRepositories/Resources/Info.plist;
				LD_RUNPATH_SEARCH_PATHS = (
					"$(inherited)",
					"@executable_path/Frameworks",
				);
				PRODUCT_BUNDLE_IDENTIFIER = com.leandroromano.AmazingRepositories;
				PRODUCT_NAME = "$(TARGET_NAME)";
				SWIFT_VERSION = 5.0;
				TARGETED_DEVICE_FAMILY = 1;
			};
			name = Release;
		};
		FDF5E00D238CA34700AB4F92 /* Debug */ = {
			isa = XCBuildConfiguration;
			baseConfigurationReference = 0A1DD97A38C567E406AFEA2F /* Pods-AmazingRepositoriesTests.debug.xcconfig */;
			buildSettings = {
				ALWAYS_EMBED_SWIFT_STANDARD_LIBRARIES = YES;
				BUNDLE_LOADER = "$(TEST_HOST)";
				CODE_SIGN_STYLE = Automatic;
				INFOPLIST_FILE = AmazingRepositoriesTests/Info.plist;
				IPHONEOS_DEPLOYMENT_TARGET = 13.2;
				LD_RUNPATH_SEARCH_PATHS = (
					"$(inherited)",
					"@executable_path/Frameworks",
					"@loader_path/Frameworks",
				);
				PRODUCT_BUNDLE_IDENTIFIER = com.leandroromano.AmazingRepositoriesTests;
				PRODUCT_NAME = "$(TARGET_NAME)";
				SWIFT_VERSION = 5.0;
				TARGETED_DEVICE_FAMILY = "1,2";
				TEST_HOST = "$(BUILT_PRODUCTS_DIR)/AmazingRepositories.app/AmazingRepositories";
			};
			name = Debug;
		};
		FDF5E00E238CA34700AB4F92 /* Release */ = {
			isa = XCBuildConfiguration;
			baseConfigurationReference = 896ED83FB9C8A9AF6EB52852 /* Pods-AmazingRepositoriesTests.release.xcconfig */;
			buildSettings = {
				ALWAYS_EMBED_SWIFT_STANDARD_LIBRARIES = YES;
				BUNDLE_LOADER = "$(TEST_HOST)";
				CODE_SIGN_STYLE = Automatic;
				INFOPLIST_FILE = AmazingRepositoriesTests/Info.plist;
				IPHONEOS_DEPLOYMENT_TARGET = 13.2;
				LD_RUNPATH_SEARCH_PATHS = (
					"$(inherited)",
					"@executable_path/Frameworks",
					"@loader_path/Frameworks",
				);
				PRODUCT_BUNDLE_IDENTIFIER = com.leandroromano.AmazingRepositoriesTests;
				PRODUCT_NAME = "$(TARGET_NAME)";
				SWIFT_VERSION = 5.0;
				TARGETED_DEVICE_FAMILY = "1,2";
				TEST_HOST = "$(BUILT_PRODUCTS_DIR)/AmazingRepositories.app/AmazingRepositories";
			};
			name = Release;
		};
		FDF5E010238CA34700AB4F92 /* Debug */ = {
			isa = XCBuildConfiguration;
			baseConfigurationReference = 834AB5BD09740475D75E104C /* Pods-AmazingRepositories-AmazingRepositoriesUITests.debug.xcconfig */;
			buildSettings = {
				ALWAYS_EMBED_SWIFT_STANDARD_LIBRARIES = YES;
				CODE_SIGN_STYLE = Automatic;
				INFOPLIST_FILE = AmazingRepositoriesUITests/Info.plist;
				LD_RUNPATH_SEARCH_PATHS = (
					"$(inherited)",
					"@executable_path/Frameworks",
					"@loader_path/Frameworks",
				);
				PRODUCT_BUNDLE_IDENTIFIER = com.leandroromano.AmazingRepositoriesUITests;
				PRODUCT_NAME = "$(TARGET_NAME)";
				SWIFT_VERSION = 5.0;
				TARGETED_DEVICE_FAMILY = "1,2";
				TEST_TARGET_NAME = AmazingRepositories;
			};
			name = Debug;
		};
		FDF5E011238CA34700AB4F92 /* Release */ = {
			isa = XCBuildConfiguration;
			baseConfigurationReference = 574CC51B16442BCD293C1382 /* Pods-AmazingRepositories-AmazingRepositoriesUITests.release.xcconfig */;
			buildSettings = {
				ALWAYS_EMBED_SWIFT_STANDARD_LIBRARIES = YES;
				CODE_SIGN_STYLE = Automatic;
				INFOPLIST_FILE = AmazingRepositoriesUITests/Info.plist;
				LD_RUNPATH_SEARCH_PATHS = (
					"$(inherited)",
					"@executable_path/Frameworks",
					"@loader_path/Frameworks",
				);
				PRODUCT_BUNDLE_IDENTIFIER = com.leandroromano.AmazingRepositoriesUITests;
				PRODUCT_NAME = "$(TARGET_NAME)";
				SWIFT_VERSION = 5.0;
				TARGETED_DEVICE_FAMILY = "1,2";
				TEST_TARGET_NAME = AmazingRepositories;
			};
			name = Release;
		};
/* End XCBuildConfiguration section */

/* Begin XCConfigurationList section */
		FDF5DFDA238CA34500AB4F92 /* Build configuration list for PBXProject "AmazingRepositories" */ = {
			isa = XCConfigurationList;
			buildConfigurations = (
				FDF5E007238CA34700AB4F92 /* Debug */,
				FDF5E008238CA34700AB4F92 /* Release */,
			);
			defaultConfigurationIsVisible = 0;
			defaultConfigurationName = Release;
		};
		FDF5E009238CA34700AB4F92 /* Build configuration list for PBXNativeTarget "AmazingRepositories" */ = {
			isa = XCConfigurationList;
			buildConfigurations = (
				FDF5E00A238CA34700AB4F92 /* Debug */,
				FDF5E00B238CA34700AB4F92 /* Release */,
			);
			defaultConfigurationIsVisible = 0;
			defaultConfigurationName = Release;
		};
		FDF5E00C238CA34700AB4F92 /* Build configuration list for PBXNativeTarget "AmazingRepositoriesTests" */ = {
			isa = XCConfigurationList;
			buildConfigurations = (
				FDF5E00D238CA34700AB4F92 /* Debug */,
				FDF5E00E238CA34700AB4F92 /* Release */,
			);
			defaultConfigurationIsVisible = 0;
			defaultConfigurationName = Release;
		};
		FDF5E00F238CA34700AB4F92 /* Build configuration list for PBXNativeTarget "AmazingRepositoriesUITests" */ = {
			isa = XCConfigurationList;
			buildConfigurations = (
				FDF5E010238CA34700AB4F92 /* Debug */,
				FDF5E011238CA34700AB4F92 /* Release */,
			);
			defaultConfigurationIsVisible = 0;
			defaultConfigurationName = Release;
		};
/* End XCConfigurationList section */
	};
	rootObject = FDF5DFD7238CA34500AB4F92 /* Project object */;
}
