// !$*UTF8*$!
{
	archiveVersion = 1;
	classes = {
	};
	objectVersion = 51;
	objects = {

/* Begin PBXBuildFile section */
		7D149B194A53B232916CAD92 /* Pods_AmazingRepositoriesTests.framework in Frameworks */ = {isa = PBXBuildFile; fileRef = 040D2F8F6F1818C987EDC4A9 /* Pods_AmazingRepositoriesTests.framework */; };
		7DBBA14F251D64A211D930F9 /* Pods_AmazingRepositories_AmazingRepositoriesFuncionalTests.framework in Frameworks */ = {isa = PBXBuildFile; fileRef = 42613686746E157142ECBC9F /* Pods_AmazingRepositories_AmazingRepositoriesFuncionalTests.framework */; };
		D24068B46E541881289705C2 /* Pods_AmazingRepositories.framework in Frameworks */ = {isa = PBXBuildFile; fileRef = 99E6D8DCB8B5796867AA444D /* Pods_AmazingRepositories.framework */; };
		FD1EEEF22396C65800AE5562 /* ListRepositoriesInteractorUnitTests.swift in Sources */ = {isa = PBXBuildFile; fileRef = FD1EEEF12396C65800AE5562 /* ListRepositoriesInteractorUnitTests.swift */; };
		FD1EEEF52396CAF700AE5562 /* MockListRepositoriesPresenter.swift in Sources */ = {isa = PBXBuildFile; fileRef = FD1EEEF42396CAF700AE5562 /* MockListRepositoriesPresenter.swift */; };
		FD1EEEF72396CB1C00AE5562 /* MockListRepositoriesWorker.swift in Sources */ = {isa = PBXBuildFile; fileRef = FD1EEEF62396CB1C00AE5562 /* MockListRepositoriesWorker.swift */; };
		FD315946239700F6008D1DE7 /* repositories-stars-page-1.json in Resources */ = {isa = PBXBuildFile; fileRef = FD315945239700F6008D1DE7 /* repositories-stars-page-1.json */; };
		FD315949239701E5008D1DE7 /* JSONReaderHelper.swift in Sources */ = {isa = PBXBuildFile; fileRef = FD315948239701E5008D1DE7 /* JSONReaderHelper.swift */; };
		FD31594B23970665008D1DE7 /* repositories-stars-page-2.json in Resources */ = {isa = PBXBuildFile; fileRef = FD31594A23970665008D1DE7 /* repositories-stars-page-2.json */; };
		FD31594D23970FBC008D1DE7 /* repositories-updated-page-1.json in Resources */ = {isa = PBXBuildFile; fileRef = FD31594C23970FBC008D1DE7 /* repositories-updated-page-1.json */; };
		FD31595023971F17008D1DE7 /* ListRepositoriesViewControllerSnapshotTests.swift in Sources */ = {isa = PBXBuildFile; fileRef = FD31594F23971F17008D1DE7 /* ListRepositoriesViewControllerSnapshotTests.swift */; };
		FD31595223972010008D1DE7 /* MockListRepositoriesInteractor.swift in Sources */ = {isa = PBXBuildFile; fileRef = FD31595123972010008D1DE7 /* MockListRepositoriesInteractor.swift */; };
		FD31D9DF238CA75100FAE610 /* ListRepositoriesPresenter.swift in Sources */ = {isa = PBXBuildFile; fileRef = FD31D9D9238CA75100FAE610 /* ListRepositoriesPresenter.swift */; };
		FD31D9E0238CA75100FAE610 /* ListRepositoriesWorker.swift in Sources */ = {isa = PBXBuildFile; fileRef = FD31D9DA238CA75100FAE610 /* ListRepositoriesWorker.swift */; };
		FD31D9E1238CA75100FAE610 /* ListRepositoriesRouter.swift in Sources */ = {isa = PBXBuildFile; fileRef = FD31D9DB238CA75100FAE610 /* ListRepositoriesRouter.swift */; };
		FD31D9E2238CA75100FAE610 /* ListRepositoriesModels.swift in Sources */ = {isa = PBXBuildFile; fileRef = FD31D9DC238CA75100FAE610 /* ListRepositoriesModels.swift */; };
		FD31D9E3238CA75100FAE610 /* ListRepositoriesViewController.swift in Sources */ = {isa = PBXBuildFile; fileRef = FD31D9DD238CA75100FAE610 /* ListRepositoriesViewController.swift */; };
		FD31D9E4238CA75100FAE610 /* ListRepositoriesInteractor.swift in Sources */ = {isa = PBXBuildFile; fileRef = FD31D9DE238CA75100FAE610 /* ListRepositoriesInteractor.swift */; };
		FD31D9E7238CA83600FAE610 /* Endpoint.swift in Sources */ = {isa = PBXBuildFile; fileRef = FD31D9E6238CA83600FAE610 /* Endpoint.swift */; };
		FD31D9E9238CA8F100FAE610 /* NetworkProvider.swift in Sources */ = {isa = PBXBuildFile; fileRef = FD31D9E8238CA8F100FAE610 /* NetworkProvider.swift */; };
		FD31D9EB238CA95C00FAE610 /* NetworkError.swift in Sources */ = {isa = PBXBuildFile; fileRef = FD31D9EA238CA95C00FAE610 /* NetworkError.swift */; };
		FD31D9ED238CAA1700FAE610 /* Endpoint+Repositories.swift in Sources */ = {isa = PBXBuildFile; fileRef = FD31D9EC238CAA1700FAE610 /* Endpoint+Repositories.swift */; };
		FD31D9F1238CB8EA00FAE610 /* CustomViewDelegate.swift in Sources */ = {isa = PBXBuildFile; fileRef = FD31D9F0238CB8EA00FAE610 /* CustomViewDelegate.swift */; };
		FD31D9F3238CB92900FAE610 /* ListRepositoriesTableViewCell.swift in Sources */ = {isa = PBXBuildFile; fileRef = FD31D9F2238CB92900FAE610 /* ListRepositoriesTableViewCell.swift */; };
		FD60EE60239074CD008701C5 /* UIFont+Theme.swift in Sources */ = {isa = PBXBuildFile; fileRef = FD60EE5F239074CD008701C5 /* UIFont+Theme.swift */; };
		FD60EE642390A5E1008701C5 /* Int+SmallNumbers.swift in Sources */ = {isa = PBXBuildFile; fileRef = FD60EE632390A5E1008701C5 /* Int+SmallNumbers.swift */; };
		FD7A6C8D2396DB4300661637 /* ReturnTypes.swift in Sources */ = {isa = PBXBuildFile; fileRef = FD7A6C8C2396DB4300661637 /* ReturnTypes.swift */; };
		FD7BAB5C23941ABC00B20C01 /* LoadingActivityIndicator.swift in Sources */ = {isa = PBXBuildFile; fileRef = FD7BAB5B23941ABC00B20C01 /* LoadingActivityIndicator.swift */; };
		FD7BAB5E23941B8200B20C01 /* UIViewController+Alerts.swift in Sources */ = {isa = PBXBuildFile; fileRef = FD7BAB5D23941B8200B20C01 /* UIViewController+Alerts.swift */; };
		FD7BAB602394209000B20C01 /* EmptyClosure.swift in Sources */ = {isa = PBXBuildFile; fileRef = FD7BAB5F2394209000B20C01 /* EmptyClosure.swift */; };
		FD83305D2399F50C001A675E /* DummyRepositoryTableView.swift in Sources */ = {isa = PBXBuildFile; fileRef = FD83305C2399F50C001A675E /* DummyRepositoryTableView.swift */; };
		FD8330612399F9C8001A675E /* DummyHeaderView.swift in Sources */ = {isa = PBXBuildFile; fileRef = FD8330602399F9C8001A675E /* DummyHeaderView.swift */; };
		FD8330632399FB77001A675E /* RepositoryTableHeaderViewSnapshotTests.swift in Sources */ = {isa = PBXBuildFile; fileRef = FD8330622399FB77001A675E /* RepositoryTableHeaderViewSnapshotTests.swift */; };
		FD8330682399FC2D001A675E /* DummyLoadingAlertView.swift in Sources */ = {isa = PBXBuildFile; fileRef = FD8330672399FC2D001A675E /* DummyLoadingAlertView.swift */; };
		FD83306A2399FCB1001A675E /* LoadingAlertViewSnapshotTests.swift in Sources */ = {isa = PBXBuildFile; fileRef = FD8330692399FCB1001A675E /* LoadingAlertViewSnapshotTests.swift */; };
		FD9B33F22397E5A10044943F /* XCTestCase+KIF.swift in Sources */ = {isa = PBXBuildFile; fileRef = FD9B33F12397E5A10044943F /* XCTestCase+KIF.swift */; };
		FD9B33F52397E7EE0044943F /* ListRepositoriesViewControllerFunctionalTests.swift in Sources */ = {isa = PBXBuildFile; fileRef = FD9B33F42397E7EE0044943F /* ListRepositoriesViewControllerFunctionalTests.swift */; };
		FD9B33F92397F6D40044943F /* Localizable.strings in Resources */ = {isa = PBXBuildFile; fileRef = FD9B33FB2397F6D40044943F /* Localizable.strings */; };
		FD9B33FE2397F99B0044943F /* String+Localizable.swift in Sources */ = {isa = PBXBuildFile; fileRef = FD9B33FD2397F99B0044943F /* String+Localizable.swift */; };
		FD9B3400239803440044943F /* String+AccessibilityIdentifiers.swift in Sources */ = {isa = PBXBuildFile; fileRef = FD9B33FF239803440044943F /* String+AccessibilityIdentifiers.swift */; };
		FDAB351E238DFDB100FACF31 /* UIColor+Theme.swift in Sources */ = {isa = PBXBuildFile; fileRef = FDAB351D238DFDB100FACF31 /* UIColor+Theme.swift */; };
		FDAB3520238E157300FACF31 /* ListRepositoriesTableHeaderView.swift in Sources */ = {isa = PBXBuildFile; fileRef = FDAB351F238E157300FACF31 /* ListRepositoriesTableHeaderView.swift */; };
		FDEF236E24453B8600FAE642 /* CGFloat+Metrics.swift in Sources */ = {isa = PBXBuildFile; fileRef = FDEF236D24453B8600FAE642 /* CGFloat+Metrics.swift */; };
		FDEF237224454C2300FAE642 /* Sequence+Sorted.swift in Sources */ = {isa = PBXBuildFile; fileRef = FDEF237124454C2300FAE642 /* Sequence+Sorted.swift */; };
		FDEF237A2445D5E800FAE642 /* ListPullRequestsPresenter.swift in Sources */ = {isa = PBXBuildFile; fileRef = FDEF23742445D5E800FAE642 /* ListPullRequestsPresenter.swift */; };
		FDEF237B2445D5E800FAE642 /* ListPullRequestsWorker.swift in Sources */ = {isa = PBXBuildFile; fileRef = FDEF23752445D5E800FAE642 /* ListPullRequestsWorker.swift */; };
		FDEF237C2445D5E800FAE642 /* ListPullRequestsRouter.swift in Sources */ = {isa = PBXBuildFile; fileRef = FDEF23762445D5E800FAE642 /* ListPullRequestsRouter.swift */; };
		FDEF237D2445D5E800FAE642 /* ListPullRequestsModels.swift in Sources */ = {isa = PBXBuildFile; fileRef = FDEF23772445D5E800FAE642 /* ListPullRequestsModels.swift */; };
		FDEF237E2445D5E800FAE642 /* ListPullRequestsViewController.swift in Sources */ = {isa = PBXBuildFile; fileRef = FDEF23782445D5E800FAE642 /* ListPullRequestsViewController.swift */; };
		FDEF237F2445D5E800FAE642 /* ListPullRequestsInteractor.swift in Sources */ = {isa = PBXBuildFile; fileRef = FDEF23792445D5E800FAE642 /* ListPullRequestsInteractor.swift */; };
		FDEF23812445DF1F00FAE642 /* Endpoint+PullRequests.swift in Sources */ = {isa = PBXBuildFile; fileRef = FDEF23802445DF1F00FAE642 /* Endpoint+PullRequests.swift */; };
		FDEF23842445E2C100FAE642 /* ListPullRequestsView.swift in Sources */ = {isa = PBXBuildFile; fileRef = FDEF23832445E2C100FAE642 /* ListPullRequestsView.swift */; };
		FDEF23862445EA5E00FAE642 /* ListPullRequestsHeaderView.swift in Sources */ = {isa = PBXBuildFile; fileRef = FDEF23852445EA5E00FAE642 /* ListPullRequestsHeaderView.swift */; };
		FDEF23882445ED6C00FAE642 /* ListPullRequestsTableViewCell.swift in Sources */ = {isa = PBXBuildFile; fileRef = FDEF23872445ED6C00FAE642 /* ListPullRequestsTableViewCell.swift */; };
		FDEF238A24463EEB00FAE642 /* ListPullRequestsEmptyStateView.swift in Sources */ = {isa = PBXBuildFile; fileRef = FDEF238924463EEB00FAE642 /* ListPullRequestsEmptyStateView.swift */; };
		FDEF238C24467C5800FAE642 /* ListPullRequestsErrorStateView.swift in Sources */ = {isa = PBXBuildFile; fileRef = FDEF238B24467C5800FAE642 /* ListPullRequestsErrorStateView.swift */; };
		FDEF23B42446CCB700FAE642 /* LoadingAlertViewSnapshotTests__should_present_loading_alert_view_AccessibilityXL@3x.png in Resources */ = {isa = PBXBuildFile; fileRef = FDEF238E2446CCB700FAE642 /* LoadingAlertViewSnapshotTests__should_present_loading_alert_view_AccessibilityXL@3x.png */; };
		FDEF23B52446CCB700FAE642 /* LoadingAlertViewSnapshotTests__should_present_loading_alert_view_S@3x.png in Resources */ = {isa = PBXBuildFile; fileRef = FDEF238F2446CCB700FAE642 /* LoadingAlertViewSnapshotTests__should_present_loading_alert_view_S@3x.png */; };
		FDEF23B62446CCB700FAE642 /* LoadingAlertViewSnapshotTests__should_present_loading_alert_view_AccessibilityL@3x.png in Resources */ = {isa = PBXBuildFile; fileRef = FDEF23902446CCB700FAE642 /* LoadingAlertViewSnapshotTests__should_present_loading_alert_view_AccessibilityL@3x.png */; };
		FDEF23B72446CCB700FAE642 /* LoadingAlertViewSnapshotTests__should_present_loading_alert_view_M@3x.png in Resources */ = {isa = PBXBuildFile; fileRef = FDEF23912446CCB700FAE642 /* LoadingAlertViewSnapshotTests__should_present_loading_alert_view_M@3x.png */; };
		FDEF23B82446CCB700FAE642 /* LoadingAlertViewSnapshotTests__should_present_loading_alert_view_XS@3x.png in Resources */ = {isa = PBXBuildFile; fileRef = FDEF23922446CCB700FAE642 /* LoadingAlertViewSnapshotTests__should_present_loading_alert_view_XS@3x.png */; };
		FDEF23B92446CCB700FAE642 /* LoadingAlertViewSnapshotTests__should_present_loading_alert_view_XXXL@3x.png in Resources */ = {isa = PBXBuildFile; fileRef = FDEF23932446CCB700FAE642 /* LoadingAlertViewSnapshotTests__should_present_loading_alert_view_XXXL@3x.png */; };
		FDEF23BA2446CCB700FAE642 /* LoadingAlertViewSnapshotTests__should_present_loading_alert_view_XL@3x.png in Resources */ = {isa = PBXBuildFile; fileRef = FDEF23942446CCB700FAE642 /* LoadingAlertViewSnapshotTests__should_present_loading_alert_view_XL@3x.png */; };
		FDEF23BB2446CCB700FAE642 /* LoadingAlertViewSnapshotTests__should_present_loading_alert_view_XXL@3x.png in Resources */ = {isa = PBXBuildFile; fileRef = FDEF23952446CCB700FAE642 /* LoadingAlertViewSnapshotTests__should_present_loading_alert_view_XXL@3x.png */; };
		FDEF23BC2446CCB700FAE642 /* LoadingAlertViewSnapshotTests__should_present_loading_alert_view_AccessibilityXXL@3x.png in Resources */ = {isa = PBXBuildFile; fileRef = FDEF23962446CCB700FAE642 /* LoadingAlertViewSnapshotTests__should_present_loading_alert_view_AccessibilityXXL@3x.png */; };
		FDEF23BD2446CCB700FAE642 /* LoadingAlertViewSnapshotTests__should_present_loading_alert_view_AccessibilityXXXL@3x.png in Resources */ = {isa = PBXBuildFile; fileRef = FDEF23972446CCB700FAE642 /* LoadingAlertViewSnapshotTests__should_present_loading_alert_view_AccessibilityXXXL@3x.png */; };
		FDEF23BE2446CCB700FAE642 /* LoadingAlertViewSnapshotTests__should_present_loading_alert_view_L@3x.png in Resources */ = {isa = PBXBuildFile; fileRef = FDEF23982446CCB700FAE642 /* LoadingAlertViewSnapshotTests__should_present_loading_alert_view_L@3x.png */; };
		FDEF23BF2446CCB700FAE642 /* LoadingAlertViewSnapshotTests__should_present_loading_alert_view_AccessibilityM@3x.png in Resources */ = {isa = PBXBuildFile; fileRef = FDEF23992446CCB700FAE642 /* LoadingAlertViewSnapshotTests__should_present_loading_alert_view_AccessibilityM@3x.png */; };
		FDEF23C02446CCB700FAE642 /* RepositoryTableHeaderViewSnapshotTests__should_present_light_repository_header_view_XL@3x.png in Resources */ = {isa = PBXBuildFile; fileRef = FDEF239B2446CCB700FAE642 /* RepositoryTableHeaderViewSnapshotTests__should_present_light_repository_header_view_XL@3x.png */; };
		FDEF23C12446CCB700FAE642 /* RepositoryTableHeaderViewSnapshotTests__should_present_light_repository_header_view_L@3x.png in Resources */ = {isa = PBXBuildFile; fileRef = FDEF239C2446CCB700FAE642 /* RepositoryTableHeaderViewSnapshotTests__should_present_light_repository_header_view_L@3x.png */; };
		FDEF23C22446CCB700FAE642 /* RepositoryTableHeaderViewSnapshotTests__should_present_light_repository_header_view_AccessibilityL@3x.png in Resources */ = {isa = PBXBuildFile; fileRef = FDEF239D2446CCB700FAE642 /* RepositoryTableHeaderViewSnapshotTests__should_present_light_repository_header_view_AccessibilityL@3x.png */; };
		FDEF23C32446CCB700FAE642 /* RepositoryTableHeaderViewSnapshotTests__should_present_light_repository_header_view_XXL@3x.png in Resources */ = {isa = PBXBuildFile; fileRef = FDEF239E2446CCB700FAE642 /* RepositoryTableHeaderViewSnapshotTests__should_present_light_repository_header_view_XXL@3x.png */; };
		FDEF23C42446CCB700FAE642 /* RepositoryTableHeaderViewSnapshotTests__should_present_light_repository_header_view_M@3x.png in Resources */ = {isa = PBXBuildFile; fileRef = FDEF239F2446CCB700FAE642 /* RepositoryTableHeaderViewSnapshotTests__should_present_light_repository_header_view_M@3x.png */; };
		FDEF23C52446CCB700FAE642 /* RepositoryTableHeaderViewSnapshotTests__should_present_light_repository_header_view_AccessibilityXXL@3x.png in Resources */ = {isa = PBXBuildFile; fileRef = FDEF23A02446CCB700FAE642 /* RepositoryTableHeaderViewSnapshotTests__should_present_light_repository_header_view_AccessibilityXXL@3x.png */; };
		FDEF23C62446CCB700FAE642 /* RepositoryTableHeaderViewSnapshotTests__should_present_light_repository_header_view_AccessibilityM@3x.png in Resources */ = {isa = PBXBuildFile; fileRef = FDEF23A12446CCB700FAE642 /* RepositoryTableHeaderViewSnapshotTests__should_present_light_repository_header_view_AccessibilityM@3x.png */; };
		FDEF23C72446CCB700FAE642 /* RepositoryTableHeaderViewSnapshotTests__should_present_light_repository_header_view_AccessibilityXXXL@3x.png in Resources */ = {isa = PBXBuildFile; fileRef = FDEF23A22446CCB700FAE642 /* RepositoryTableHeaderViewSnapshotTests__should_present_light_repository_header_view_AccessibilityXXXL@3x.png */; };
		FDEF23C82446CCB700FAE642 /* RepositoryTableHeaderViewSnapshotTests__should_present_light_repository_header_view_XS@3x.png in Resources */ = {isa = PBXBuildFile; fileRef = FDEF23A32446CCB700FAE642 /* RepositoryTableHeaderViewSnapshotTests__should_present_light_repository_header_view_XS@3x.png */; };
		FDEF23C92446CCB700FAE642 /* RepositoryTableHeaderViewSnapshotTests__should_present_light_repository_header_view_S@3x.png in Resources */ = {isa = PBXBuildFile; fileRef = FDEF23A42446CCB700FAE642 /* RepositoryTableHeaderViewSnapshotTests__should_present_light_repository_header_view_S@3x.png */; };
		FDEF23CA2446CCB700FAE642 /* RepositoryTableHeaderViewSnapshotTests__should_present_light_repository_header_view_AccessibilityXL@3x.png in Resources */ = {isa = PBXBuildFile; fileRef = FDEF23A52446CCB700FAE642 /* RepositoryTableHeaderViewSnapshotTests__should_present_light_repository_header_view_AccessibilityXL@3x.png */; };
		FDEF23CB2446CCB700FAE642 /* RepositoryTableHeaderViewSnapshotTests__should_present_light_repository_header_view_XXXL@3x.png in Resources */ = {isa = PBXBuildFile; fileRef = FDEF23A62446CCB700FAE642 /* RepositoryTableHeaderViewSnapshotTests__should_present_light_repository_header_view_XXXL@3x.png */; };
		FDEF23CC2446CCB700FAE642 /* ListRepositoriesViewControllerSnapshotTests__should_present_light_repository_cell_XS@3x.png in Resources */ = {isa = PBXBuildFile; fileRef = FDEF23A82446CCB700FAE642 /* ListRepositoriesViewControllerSnapshotTests__should_present_light_repository_cell_XS@3x.png */; };
		FDEF23CD2446CCB700FAE642 /* ListRepositoriesViewControllerSnapshotTests__should_present_light_repository_cell_AccessibilityM@3x.png in Resources */ = {isa = PBXBuildFile; fileRef = FDEF23A92446CCB700FAE642 /* ListRepositoriesViewControllerSnapshotTests__should_present_light_repository_cell_AccessibilityM@3x.png */; };
		FDEF23CE2446CCB700FAE642 /* ListRepositoriesViewControllerSnapshotTests__should_present_light_repository_cell_L@3x.png in Resources */ = {isa = PBXBuildFile; fileRef = FDEF23AA2446CCB700FAE642 /* ListRepositoriesViewControllerSnapshotTests__should_present_light_repository_cell_L@3x.png */; };
		FDEF23CF2446CCB700FAE642 /* ListRepositoriesViewControllerSnapshotTests__should_present_light_repository_cell_XXL@3x.png in Resources */ = {isa = PBXBuildFile; fileRef = FDEF23AB2446CCB700FAE642 /* ListRepositoriesViewControllerSnapshotTests__should_present_light_repository_cell_XXL@3x.png */; };
		FDEF23D02446CCB700FAE642 /* ListRepositoriesViewControllerSnapshotTests__should_present_light_repository_cell_AccessibilityXL@3x.png in Resources */ = {isa = PBXBuildFile; fileRef = FDEF23AC2446CCB700FAE642 /* ListRepositoriesViewControllerSnapshotTests__should_present_light_repository_cell_AccessibilityXL@3x.png */; };
		FDEF23D12446CCB700FAE642 /* ListRepositoriesViewControllerSnapshotTests__should_present_light_repository_cell_S@3x.png in Resources */ = {isa = PBXBuildFile; fileRef = FDEF23AD2446CCB700FAE642 /* ListRepositoriesViewControllerSnapshotTests__should_present_light_repository_cell_S@3x.png */; };
		FDEF23D22446CCB700FAE642 /* ListRepositoriesViewControllerSnapshotTests__should_present_light_repository_cell_AccessibilityXXXL@3x.png in Resources */ = {isa = PBXBuildFile; fileRef = FDEF23AE2446CCB700FAE642 /* ListRepositoriesViewControllerSnapshotTests__should_present_light_repository_cell_AccessibilityXXXL@3x.png */; };
		FDEF23D32446CCB700FAE642 /* ListRepositoriesViewControllerSnapshotTests__should_present_light_repository_cell_AccessibilityXXL@3x.png in Resources */ = {isa = PBXBuildFile; fileRef = FDEF23AF2446CCB700FAE642 /* ListRepositoriesViewControllerSnapshotTests__should_present_light_repository_cell_AccessibilityXXL@3x.png */; };
		FDEF23D42446CCB700FAE642 /* ListRepositoriesViewControllerSnapshotTests__should_present_light_repository_cell_AccessibilityL@3x.png in Resources */ = {isa = PBXBuildFile; fileRef = FDEF23B02446CCB700FAE642 /* ListRepositoriesViewControllerSnapshotTests__should_present_light_repository_cell_AccessibilityL@3x.png */; };
		FDEF23D52446CCB700FAE642 /* ListRepositoriesViewControllerSnapshotTests__should_present_light_repository_cell_XXXL@3x.png in Resources */ = {isa = PBXBuildFile; fileRef = FDEF23B12446CCB700FAE642 /* ListRepositoriesViewControllerSnapshotTests__should_present_light_repository_cell_XXXL@3x.png */; };
		FDEF23D62446CCB700FAE642 /* ListRepositoriesViewControllerSnapshotTests__should_present_light_repository_cell_M@3x.png in Resources */ = {isa = PBXBuildFile; fileRef = FDEF23B22446CCB700FAE642 /* ListRepositoriesViewControllerSnapshotTests__should_present_light_repository_cell_M@3x.png */; };
		FDEF23D72446CCB700FAE642 /* ListRepositoriesViewControllerSnapshotTests__should_present_light_repository_cell_XL@3x.png in Resources */ = {isa = PBXBuildFile; fileRef = FDEF23B32446CCB700FAE642 /* ListRepositoriesViewControllerSnapshotTests__should_present_light_repository_cell_XL@3x.png */; };
		FDF5DFE3238CA34600AB4F92 /* AppDelegate.swift in Sources */ = {isa = PBXBuildFile; fileRef = FDF5DFE2238CA34600AB4F92 /* AppDelegate.swift */; };
		FDF5DFEC238CA34700AB4F92 /* Assets.xcassets in Resources */ = {isa = PBXBuildFile; fileRef = FDF5DFEB238CA34700AB4F92 /* Assets.xcassets */; };
		FDF5DFEF238CA34700AB4F92 /* LaunchScreen.storyboard in Resources */ = {isa = PBXBuildFile; fileRef = FDF5DFED238CA34700AB4F92 /* LaunchScreen.storyboard */; };
		FDFC9EA5244717240037F7FF /* ListPullRequestsInteractorUnitTests.swift in Sources */ = {isa = PBXBuildFile; fileRef = FDFC9EA4244717240037F7FF /* ListPullRequestsInteractorUnitTests.swift */; };
		FDFC9EA9244717A30037F7FF /* MockListPullRequestsPresenter.swift in Sources */ = {isa = PBXBuildFile; fileRef = FDFC9EA8244717A30037F7FF /* MockListPullRequestsPresenter.swift */; };
		FDFC9EAB244718360037F7FF /* MockListPullRequestsWorker.swift in Sources */ = {isa = PBXBuildFile; fileRef = FDFC9EAA244718360037F7FF /* MockListPullRequestsWorker.swift */; };
/* End PBXBuildFile section */

/* Begin PBXContainerItemProxy section */
		FD084BC62397E4E7000DC451 /* PBXContainerItemProxy */ = {
			isa = PBXContainerItemProxy;
			containerPortal = FDF5DFD7238CA34500AB4F92 /* Project object */;
			proxyType = 1;
			remoteGlobalIDString = FDF5DFDE238CA34500AB4F92;
			remoteInfo = AmazingRepositories;
		};
		FDF5DFF6238CA34700AB4F92 /* PBXContainerItemProxy */ = {
			isa = PBXContainerItemProxy;
			containerPortal = FDF5DFD7238CA34500AB4F92 /* Project object */;
			proxyType = 1;
			remoteGlobalIDString = FDF5DFDE238CA34500AB4F92;
			remoteInfo = AmazingRepositories;
		};
/* End PBXContainerItemProxy section */

/* Begin PBXFileReference section */
		040D2F8F6F1818C987EDC4A9 /* Pods_AmazingRepositoriesTests.framework */ = {isa = PBXFileReference; explicitFileType = wrapper.framework; includeInIndex = 0; path = Pods_AmazingRepositoriesTests.framework; sourceTree = BUILT_PRODUCTS_DIR; };
		3B860351DC6568687C8EC659 /* Pods-AmazingRepositories.debug.xcconfig */ = {isa = PBXFileReference; includeInIndex = 1; lastKnownFileType = text.xcconfig; name = "Pods-AmazingRepositories.debug.xcconfig"; path = "Target Support Files/Pods-AmazingRepositories/Pods-AmazingRepositories.debug.xcconfig"; sourceTree = "<group>"; };
		3C1A23AE0C215BB917A3177D /* Pods-AmazingRepositories.release.xcconfig */ = {isa = PBXFileReference; includeInIndex = 1; lastKnownFileType = text.xcconfig; name = "Pods-AmazingRepositories.release.xcconfig"; path = "Target Support Files/Pods-AmazingRepositories/Pods-AmazingRepositories.release.xcconfig"; sourceTree = "<group>"; };
		42613686746E157142ECBC9F /* Pods_AmazingRepositories_AmazingRepositoriesFuncionalTests.framework */ = {isa = PBXFileReference; explicitFileType = wrapper.framework; includeInIndex = 0; path = Pods_AmazingRepositories_AmazingRepositoriesFuncionalTests.framework; sourceTree = BUILT_PRODUCTS_DIR; };
		538053B561C06FF57DA1A55B /* Pods-AmazingRepositories-AmazingRepositoriesFuncionalTests.release.xcconfig */ = {isa = PBXFileReference; includeInIndex = 1; lastKnownFileType = text.xcconfig; name = "Pods-AmazingRepositories-AmazingRepositoriesFuncionalTests.release.xcconfig"; path = "Target Support Files/Pods-AmazingRepositories-AmazingRepositoriesFuncionalTests/Pods-AmazingRepositories-AmazingRepositoriesFuncionalTests.release.xcconfig"; sourceTree = "<group>"; };
		8D9F6BDBF82AD315458212B9 /* Pods-AmazingRepositoriesTests.debug.xcconfig */ = {isa = PBXFileReference; includeInIndex = 1; lastKnownFileType = text.xcconfig; name = "Pods-AmazingRepositoriesTests.debug.xcconfig"; path = "Target Support Files/Pods-AmazingRepositoriesTests/Pods-AmazingRepositoriesTests.debug.xcconfig"; sourceTree = "<group>"; };
		90C5491DA4A6A6B476598E02 /* Pods-AmazingRepositories-AmazingRepositoriesFuncionalTests.debug.xcconfig */ = {isa = PBXFileReference; includeInIndex = 1; lastKnownFileType = text.xcconfig; name = "Pods-AmazingRepositories-AmazingRepositoriesFuncionalTests.debug.xcconfig"; path = "Target Support Files/Pods-AmazingRepositories-AmazingRepositoriesFuncionalTests/Pods-AmazingRepositories-AmazingRepositoriesFuncionalTests.debug.xcconfig"; sourceTree = "<group>"; };
		99E6D8DCB8B5796867AA444D /* Pods_AmazingRepositories.framework */ = {isa = PBXFileReference; explicitFileType = wrapper.framework; includeInIndex = 0; path = Pods_AmazingRepositories.framework; sourceTree = BUILT_PRODUCTS_DIR; };
		FD084BC12397E4E7000DC451 /* AmazingRepositoriesFuncionalTests.xctest */ = {isa = PBXFileReference; explicitFileType = wrapper.cfbundle; includeInIndex = 0; path = AmazingRepositoriesFuncionalTests.xctest; sourceTree = BUILT_PRODUCTS_DIR; };
		FD084BC52397E4E7000DC451 /* Info.plist */ = {isa = PBXFileReference; lastKnownFileType = text.plist.xml; path = Info.plist; sourceTree = "<group>"; };
		FD1EEEF12396C65800AE5562 /* ListRepositoriesInteractorUnitTests.swift */ = {isa = PBXFileReference; lastKnownFileType = sourcecode.swift; path = ListRepositoriesInteractorUnitTests.swift; sourceTree = "<group>"; };
		FD1EEEF42396CAF700AE5562 /* MockListRepositoriesPresenter.swift */ = {isa = PBXFileReference; lastKnownFileType = sourcecode.swift; path = MockListRepositoriesPresenter.swift; sourceTree = "<group>"; };
		FD1EEEF62396CB1C00AE5562 /* MockListRepositoriesWorker.swift */ = {isa = PBXFileReference; lastKnownFileType = sourcecode.swift; path = MockListRepositoriesWorker.swift; sourceTree = "<group>"; };
		FD315945239700F6008D1DE7 /* repositories-stars-page-1.json */ = {isa = PBXFileReference; fileEncoding = 4; lastKnownFileType = text.json; path = "repositories-stars-page-1.json"; sourceTree = "<group>"; };
		FD315948239701E5008D1DE7 /* JSONReaderHelper.swift */ = {isa = PBXFileReference; lastKnownFileType = sourcecode.swift; path = JSONReaderHelper.swift; sourceTree = "<group>"; };
		FD31594A23970665008D1DE7 /* repositories-stars-page-2.json */ = {isa = PBXFileReference; fileEncoding = 4; lastKnownFileType = text.json; path = "repositories-stars-page-2.json"; sourceTree = "<group>"; };
		FD31594C23970FBC008D1DE7 /* repositories-updated-page-1.json */ = {isa = PBXFileReference; fileEncoding = 4; lastKnownFileType = text.json; path = "repositories-updated-page-1.json"; sourceTree = "<group>"; };
		FD31594F23971F17008D1DE7 /* ListRepositoriesViewControllerSnapshotTests.swift */ = {isa = PBXFileReference; lastKnownFileType = sourcecode.swift; path = ListRepositoriesViewControllerSnapshotTests.swift; sourceTree = "<group>"; };
		FD31595123972010008D1DE7 /* MockListRepositoriesInteractor.swift */ = {isa = PBXFileReference; lastKnownFileType = sourcecode.swift; path = MockListRepositoriesInteractor.swift; sourceTree = "<group>"; };
		FD31D9D9238CA75100FAE610 /* ListRepositoriesPresenter.swift */ = {isa = PBXFileReference; lastKnownFileType = sourcecode.swift; path = ListRepositoriesPresenter.swift; sourceTree = "<group>"; };
		FD31D9DA238CA75100FAE610 /* ListRepositoriesWorker.swift */ = {isa = PBXFileReference; lastKnownFileType = sourcecode.swift; path = ListRepositoriesWorker.swift; sourceTree = "<group>"; };
		FD31D9DB238CA75100FAE610 /* ListRepositoriesRouter.swift */ = {isa = PBXFileReference; lastKnownFileType = sourcecode.swift; path = ListRepositoriesRouter.swift; sourceTree = "<group>"; };
		FD31D9DC238CA75100FAE610 /* ListRepositoriesModels.swift */ = {isa = PBXFileReference; lastKnownFileType = sourcecode.swift; path = ListRepositoriesModels.swift; sourceTree = "<group>"; };
		FD31D9DD238CA75100FAE610 /* ListRepositoriesViewController.swift */ = {isa = PBXFileReference; lastKnownFileType = sourcecode.swift; path = ListRepositoriesViewController.swift; sourceTree = "<group>"; };
		FD31D9DE238CA75100FAE610 /* ListRepositoriesInteractor.swift */ = {isa = PBXFileReference; lastKnownFileType = sourcecode.swift; path = ListRepositoriesInteractor.swift; sourceTree = "<group>"; };
		FD31D9E6238CA83600FAE610 /* Endpoint.swift */ = {isa = PBXFileReference; lastKnownFileType = sourcecode.swift; path = Endpoint.swift; sourceTree = "<group>"; };
		FD31D9E8238CA8F100FAE610 /* NetworkProvider.swift */ = {isa = PBXFileReference; lastKnownFileType = sourcecode.swift; path = NetworkProvider.swift; sourceTree = "<group>"; };
		FD31D9EA238CA95C00FAE610 /* NetworkError.swift */ = {isa = PBXFileReference; lastKnownFileType = sourcecode.swift; path = NetworkError.swift; sourceTree = "<group>"; };
		FD31D9EC238CAA1700FAE610 /* Endpoint+Repositories.swift */ = {isa = PBXFileReference; lastKnownFileType = sourcecode.swift; path = "Endpoint+Repositories.swift"; sourceTree = "<group>"; };
		FD31D9F0238CB8EA00FAE610 /* CustomViewDelegate.swift */ = {isa = PBXFileReference; lastKnownFileType = sourcecode.swift; path = CustomViewDelegate.swift; sourceTree = "<group>"; };
		FD31D9F2238CB92900FAE610 /* ListRepositoriesTableViewCell.swift */ = {isa = PBXFileReference; lastKnownFileType = sourcecode.swift; path = ListRepositoriesTableViewCell.swift; sourceTree = "<group>"; };
		FD60EE5F239074CD008701C5 /* UIFont+Theme.swift */ = {isa = PBXFileReference; lastKnownFileType = sourcecode.swift; path = "UIFont+Theme.swift"; sourceTree = "<group>"; };
		FD60EE632390A5E1008701C5 /* Int+SmallNumbers.swift */ = {isa = PBXFileReference; lastKnownFileType = sourcecode.swift; path = "Int+SmallNumbers.swift"; sourceTree = "<group>"; };
		FD7A6C8C2396DB4300661637 /* ReturnTypes.swift */ = {isa = PBXFileReference; lastKnownFileType = sourcecode.swift; path = ReturnTypes.swift; sourceTree = "<group>"; };
		FD7BAB5B23941ABC00B20C01 /* LoadingActivityIndicator.swift */ = {isa = PBXFileReference; fileEncoding = 4; lastKnownFileType = sourcecode.swift; path = LoadingActivityIndicator.swift; sourceTree = "<group>"; };
		FD7BAB5D23941B8200B20C01 /* UIViewController+Alerts.swift */ = {isa = PBXFileReference; lastKnownFileType = sourcecode.swift; path = "UIViewController+Alerts.swift"; sourceTree = "<group>"; };
		FD7BAB5F2394209000B20C01 /* EmptyClosure.swift */ = {isa = PBXFileReference; lastKnownFileType = sourcecode.swift; path = EmptyClosure.swift; sourceTree = "<group>"; };
		FD83305C2399F50C001A675E /* DummyRepositoryTableView.swift */ = {isa = PBXFileReference; lastKnownFileType = sourcecode.swift; path = DummyRepositoryTableView.swift; sourceTree = "<group>"; };
		FD8330602399F9C8001A675E /* DummyHeaderView.swift */ = {isa = PBXFileReference; lastKnownFileType = sourcecode.swift; path = DummyHeaderView.swift; sourceTree = "<group>"; };
		FD8330622399FB77001A675E /* RepositoryTableHeaderViewSnapshotTests.swift */ = {isa = PBXFileReference; lastKnownFileType = sourcecode.swift; path = RepositoryTableHeaderViewSnapshotTests.swift; sourceTree = "<group>"; };
		FD8330672399FC2D001A675E /* DummyLoadingAlertView.swift */ = {isa = PBXFileReference; lastKnownFileType = sourcecode.swift; path = DummyLoadingAlertView.swift; sourceTree = "<group>"; };
		FD8330692399FCB1001A675E /* LoadingAlertViewSnapshotTests.swift */ = {isa = PBXFileReference; lastKnownFileType = sourcecode.swift; path = LoadingAlertViewSnapshotTests.swift; sourceTree = "<group>"; };
		FD9B33F12397E5A10044943F /* XCTestCase+KIF.swift */ = {isa = PBXFileReference; lastKnownFileType = sourcecode.swift; path = "XCTestCase+KIF.swift"; sourceTree = "<group>"; };
		FD9B33F42397E7EE0044943F /* ListRepositoriesViewControllerFunctionalTests.swift */ = {isa = PBXFileReference; lastKnownFileType = sourcecode.swift; path = ListRepositoriesViewControllerFunctionalTests.swift; sourceTree = "<group>"; };
		FD9B33F82397F6C90044943F /* pt-BR */ = {isa = PBXFileReference; lastKnownFileType = text.plist.strings; name = "pt-BR"; path = "pt-BR.lproj/LaunchScreen.strings"; sourceTree = "<group>"; };
		FD9B33FA2397F6D40044943F /* en */ = {isa = PBXFileReference; lastKnownFileType = text.plist.strings; name = en; path = en.lproj/Localizable.strings; sourceTree = "<group>"; };
		FD9B33FC2397F6E10044943F /* pt-BR */ = {isa = PBXFileReference; lastKnownFileType = text.plist.strings; name = "pt-BR"; path = "pt-BR.lproj/Localizable.strings"; sourceTree = "<group>"; };
		FD9B33FD2397F99B0044943F /* String+Localizable.swift */ = {isa = PBXFileReference; lastKnownFileType = sourcecode.swift; path = "String+Localizable.swift"; sourceTree = "<group>"; };
		FD9B33FF239803440044943F /* String+AccessibilityIdentifiers.swift */ = {isa = PBXFileReference; lastKnownFileType = sourcecode.swift; path = "String+AccessibilityIdentifiers.swift"; sourceTree = "<group>"; };
		FDAB351D238DFDB100FACF31 /* UIColor+Theme.swift */ = {isa = PBXFileReference; lastKnownFileType = sourcecode.swift; path = "UIColor+Theme.swift"; sourceTree = "<group>"; };
		FDAB351F238E157300FACF31 /* ListRepositoriesTableHeaderView.swift */ = {isa = PBXFileReference; lastKnownFileType = sourcecode.swift; path = ListRepositoriesTableHeaderView.swift; sourceTree = "<group>"; };
		FDCE34FC1B2428806C26A682 /* Pods-AmazingRepositoriesTests.release.xcconfig */ = {isa = PBXFileReference; includeInIndex = 1; lastKnownFileType = text.xcconfig; name = "Pods-AmazingRepositoriesTests.release.xcconfig"; path = "Target Support Files/Pods-AmazingRepositoriesTests/Pods-AmazingRepositoriesTests.release.xcconfig"; sourceTree = "<group>"; };
		FDEF236D24453B8600FAE642 /* CGFloat+Metrics.swift */ = {isa = PBXFileReference; fileEncoding = 4; lastKnownFileType = sourcecode.swift; path = "CGFloat+Metrics.swift"; sourceTree = "<group>"; };
		FDEF237124454C2300FAE642 /* Sequence+Sorted.swift */ = {isa = PBXFileReference; lastKnownFileType = sourcecode.swift; path = "Sequence+Sorted.swift"; sourceTree = "<group>"; };
		FDEF23742445D5E800FAE642 /* ListPullRequestsPresenter.swift */ = {isa = PBXFileReference; lastKnownFileType = sourcecode.swift; path = ListPullRequestsPresenter.swift; sourceTree = "<group>"; };
		FDEF23752445D5E800FAE642 /* ListPullRequestsWorker.swift */ = {isa = PBXFileReference; lastKnownFileType = sourcecode.swift; path = ListPullRequestsWorker.swift; sourceTree = "<group>"; };
		FDEF23762445D5E800FAE642 /* ListPullRequestsRouter.swift */ = {isa = PBXFileReference; lastKnownFileType = sourcecode.swift; path = ListPullRequestsRouter.swift; sourceTree = "<group>"; };
		FDEF23772445D5E800FAE642 /* ListPullRequestsModels.swift */ = {isa = PBXFileReference; lastKnownFileType = sourcecode.swift; path = ListPullRequestsModels.swift; sourceTree = "<group>"; };
		FDEF23782445D5E800FAE642 /* ListPullRequestsViewController.swift */ = {isa = PBXFileReference; lastKnownFileType = sourcecode.swift; path = ListPullRequestsViewController.swift; sourceTree = "<group>"; };
		FDEF23792445D5E800FAE642 /* ListPullRequestsInteractor.swift */ = {isa = PBXFileReference; lastKnownFileType = sourcecode.swift; path = ListPullRequestsInteractor.swift; sourceTree = "<group>"; };
		FDEF23802445DF1F00FAE642 /* Endpoint+PullRequests.swift */ = {isa = PBXFileReference; lastKnownFileType = sourcecode.swift; path = "Endpoint+PullRequests.swift"; sourceTree = "<group>"; };
		FDEF23832445E2C100FAE642 /* ListPullRequestsView.swift */ = {isa = PBXFileReference; lastKnownFileType = sourcecode.swift; path = ListPullRequestsView.swift; sourceTree = "<group>"; };
		FDEF23852445EA5E00FAE642 /* ListPullRequestsHeaderView.swift */ = {isa = PBXFileReference; lastKnownFileType = sourcecode.swift; path = ListPullRequestsHeaderView.swift; sourceTree = "<group>"; };
		FDEF23872445ED6C00FAE642 /* ListPullRequestsTableViewCell.swift */ = {isa = PBXFileReference; lastKnownFileType = sourcecode.swift; path = ListPullRequestsTableViewCell.swift; sourceTree = "<group>"; };
		FDEF238924463EEB00FAE642 /* ListPullRequestsEmptyStateView.swift */ = {isa = PBXFileReference; lastKnownFileType = sourcecode.swift; path = ListPullRequestsEmptyStateView.swift; sourceTree = "<group>"; };
		FDEF238B24467C5800FAE642 /* ListPullRequestsErrorStateView.swift */ = {isa = PBXFileReference; lastKnownFileType = sourcecode.swift; path = ListPullRequestsErrorStateView.swift; sourceTree = "<group>"; };
		FDEF238E2446CCB700FAE642 /* LoadingAlertViewSnapshotTests__should_present_loading_alert_view_AccessibilityXL@3x.png */ = {isa = PBXFileReference; lastKnownFileType = image.png; path = "LoadingAlertViewSnapshotTests__should_present_loading_alert_view_AccessibilityXL@3x.png"; sourceTree = "<group>"; };
		FDEF238F2446CCB700FAE642 /* LoadingAlertViewSnapshotTests__should_present_loading_alert_view_S@3x.png */ = {isa = PBXFileReference; lastKnownFileType = image.png; path = "LoadingAlertViewSnapshotTests__should_present_loading_alert_view_S@3x.png"; sourceTree = "<group>"; };
		FDEF23902446CCB700FAE642 /* LoadingAlertViewSnapshotTests__should_present_loading_alert_view_AccessibilityL@3x.png */ = {isa = PBXFileReference; lastKnownFileType = image.png; path = "LoadingAlertViewSnapshotTests__should_present_loading_alert_view_AccessibilityL@3x.png"; sourceTree = "<group>"; };
		FDEF23912446CCB700FAE642 /* LoadingAlertViewSnapshotTests__should_present_loading_alert_view_M@3x.png */ = {isa = PBXFileReference; lastKnownFileType = image.png; path = "LoadingAlertViewSnapshotTests__should_present_loading_alert_view_M@3x.png"; sourceTree = "<group>"; };
		FDEF23922446CCB700FAE642 /* LoadingAlertViewSnapshotTests__should_present_loading_alert_view_XS@3x.png */ = {isa = PBXFileReference; lastKnownFileType = image.png; path = "LoadingAlertViewSnapshotTests__should_present_loading_alert_view_XS@3x.png"; sourceTree = "<group>"; };
		FDEF23932446CCB700FAE642 /* LoadingAlertViewSnapshotTests__should_present_loading_alert_view_XXXL@3x.png */ = {isa = PBXFileReference; lastKnownFileType = image.png; path = "LoadingAlertViewSnapshotTests__should_present_loading_alert_view_XXXL@3x.png"; sourceTree = "<group>"; };
		FDEF23942446CCB700FAE642 /* LoadingAlertViewSnapshotTests__should_present_loading_alert_view_XL@3x.png */ = {isa = PBXFileReference; lastKnownFileType = image.png; path = "LoadingAlertViewSnapshotTests__should_present_loading_alert_view_XL@3x.png"; sourceTree = "<group>"; };
		FDEF23952446CCB700FAE642 /* LoadingAlertViewSnapshotTests__should_present_loading_alert_view_XXL@3x.png */ = {isa = PBXFileReference; lastKnownFileType = image.png; path = "LoadingAlertViewSnapshotTests__should_present_loading_alert_view_XXL@3x.png"; sourceTree = "<group>"; };
		FDEF23962446CCB700FAE642 /* LoadingAlertViewSnapshotTests__should_present_loading_alert_view_AccessibilityXXL@3x.png */ = {isa = PBXFileReference; lastKnownFileType = image.png; path = "LoadingAlertViewSnapshotTests__should_present_loading_alert_view_AccessibilityXXL@3x.png"; sourceTree = "<group>"; };
		FDEF23972446CCB700FAE642 /* LoadingAlertViewSnapshotTests__should_present_loading_alert_view_AccessibilityXXXL@3x.png */ = {isa = PBXFileReference; lastKnownFileType = image.png; path = "LoadingAlertViewSnapshotTests__should_present_loading_alert_view_AccessibilityXXXL@3x.png"; sourceTree = "<group>"; };
		FDEF23982446CCB700FAE642 /* LoadingAlertViewSnapshotTests__should_present_loading_alert_view_L@3x.png */ = {isa = PBXFileReference; lastKnownFileType = image.png; path = "LoadingAlertViewSnapshotTests__should_present_loading_alert_view_L@3x.png"; sourceTree = "<group>"; };
		FDEF23992446CCB700FAE642 /* LoadingAlertViewSnapshotTests__should_present_loading_alert_view_AccessibilityM@3x.png */ = {isa = PBXFileReference; lastKnownFileType = image.png; path = "LoadingAlertViewSnapshotTests__should_present_loading_alert_view_AccessibilityM@3x.png"; sourceTree = "<group>"; };
		FDEF239B2446CCB700FAE642 /* RepositoryTableHeaderViewSnapshotTests__should_present_light_repository_header_view_XL@3x.png */ = {isa = PBXFileReference; lastKnownFileType = image.png; path = "RepositoryTableHeaderViewSnapshotTests__should_present_light_repository_header_view_XL@3x.png"; sourceTree = "<group>"; };
		FDEF239C2446CCB700FAE642 /* RepositoryTableHeaderViewSnapshotTests__should_present_light_repository_header_view_L@3x.png */ = {isa = PBXFileReference; lastKnownFileType = image.png; path = "RepositoryTableHeaderViewSnapshotTests__should_present_light_repository_header_view_L@3x.png"; sourceTree = "<group>"; };
		FDEF239D2446CCB700FAE642 /* RepositoryTableHeaderViewSnapshotTests__should_present_light_repository_header_view_AccessibilityL@3x.png */ = {isa = PBXFileReference; lastKnownFileType = image.png; path = "RepositoryTableHeaderViewSnapshotTests__should_present_light_repository_header_view_AccessibilityL@3x.png"; sourceTree = "<group>"; };
		FDEF239E2446CCB700FAE642 /* RepositoryTableHeaderViewSnapshotTests__should_present_light_repository_header_view_XXL@3x.png */ = {isa = PBXFileReference; lastKnownFileType = image.png; path = "RepositoryTableHeaderViewSnapshotTests__should_present_light_repository_header_view_XXL@3x.png"; sourceTree = "<group>"; };
		FDEF239F2446CCB700FAE642 /* RepositoryTableHeaderViewSnapshotTests__should_present_light_repository_header_view_M@3x.png */ = {isa = PBXFileReference; lastKnownFileType = image.png; path = "RepositoryTableHeaderViewSnapshotTests__should_present_light_repository_header_view_M@3x.png"; sourceTree = "<group>"; };
		FDEF23A02446CCB700FAE642 /* RepositoryTableHeaderViewSnapshotTests__should_present_light_repository_header_view_AccessibilityXXL@3x.png */ = {isa = PBXFileReference; lastKnownFileType = image.png; path = "RepositoryTableHeaderViewSnapshotTests__should_present_light_repository_header_view_AccessibilityXXL@3x.png"; sourceTree = "<group>"; };
		FDEF23A12446CCB700FAE642 /* RepositoryTableHeaderViewSnapshotTests__should_present_light_repository_header_view_AccessibilityM@3x.png */ = {isa = PBXFileReference; lastKnownFileType = image.png; path = "RepositoryTableHeaderViewSnapshotTests__should_present_light_repository_header_view_AccessibilityM@3x.png"; sourceTree = "<group>"; };
		FDEF23A22446CCB700FAE642 /* RepositoryTableHeaderViewSnapshotTests__should_present_light_repository_header_view_AccessibilityXXXL@3x.png */ = {isa = PBXFileReference; lastKnownFileType = image.png; path = "RepositoryTableHeaderViewSnapshotTests__should_present_light_repository_header_view_AccessibilityXXXL@3x.png"; sourceTree = "<group>"; };
		FDEF23A32446CCB700FAE642 /* RepositoryTableHeaderViewSnapshotTests__should_present_light_repository_header_view_XS@3x.png */ = {isa = PBXFileReference; lastKnownFileType = image.png; path = "RepositoryTableHeaderViewSnapshotTests__should_present_light_repository_header_view_XS@3x.png"; sourceTree = "<group>"; };
		FDEF23A42446CCB700FAE642 /* RepositoryTableHeaderViewSnapshotTests__should_present_light_repository_header_view_S@3x.png */ = {isa = PBXFileReference; lastKnownFileType = image.png; path = "RepositoryTableHeaderViewSnapshotTests__should_present_light_repository_header_view_S@3x.png"; sourceTree = "<group>"; };
		FDEF23A52446CCB700FAE642 /* RepositoryTableHeaderViewSnapshotTests__should_present_light_repository_header_view_AccessibilityXL@3x.png */ = {isa = PBXFileReference; lastKnownFileType = image.png; path = "RepositoryTableHeaderViewSnapshotTests__should_present_light_repository_header_view_AccessibilityXL@3x.png"; sourceTree = "<group>"; };
		FDEF23A62446CCB700FAE642 /* RepositoryTableHeaderViewSnapshotTests__should_present_light_repository_header_view_XXXL@3x.png */ = {isa = PBXFileReference; lastKnownFileType = image.png; path = "RepositoryTableHeaderViewSnapshotTests__should_present_light_repository_header_view_XXXL@3x.png"; sourceTree = "<group>"; };
		FDEF23A82446CCB700FAE642 /* ListRepositoriesViewControllerSnapshotTests__should_present_light_repository_cell_XS@3x.png */ = {isa = PBXFileReference; lastKnownFileType = image.png; path = "ListRepositoriesViewControllerSnapshotTests__should_present_light_repository_cell_XS@3x.png"; sourceTree = "<group>"; };
		FDEF23A92446CCB700FAE642 /* ListRepositoriesViewControllerSnapshotTests__should_present_light_repository_cell_AccessibilityM@3x.png */ = {isa = PBXFileReference; lastKnownFileType = image.png; path = "ListRepositoriesViewControllerSnapshotTests__should_present_light_repository_cell_AccessibilityM@3x.png"; sourceTree = "<group>"; };
		FDEF23AA2446CCB700FAE642 /* ListRepositoriesViewControllerSnapshotTests__should_present_light_repository_cell_L@3x.png */ = {isa = PBXFileReference; lastKnownFileType = image.png; path = "ListRepositoriesViewControllerSnapshotTests__should_present_light_repository_cell_L@3x.png"; sourceTree = "<group>"; };
		FDEF23AB2446CCB700FAE642 /* ListRepositoriesViewControllerSnapshotTests__should_present_light_repository_cell_XXL@3x.png */ = {isa = PBXFileReference; lastKnownFileType = image.png; path = "ListRepositoriesViewControllerSnapshotTests__should_present_light_repository_cell_XXL@3x.png"; sourceTree = "<group>"; };
		FDEF23AC2446CCB700FAE642 /* ListRepositoriesViewControllerSnapshotTests__should_present_light_repository_cell_AccessibilityXL@3x.png */ = {isa = PBXFileReference; lastKnownFileType = image.png; path = "ListRepositoriesViewControllerSnapshotTests__should_present_light_repository_cell_AccessibilityXL@3x.png"; sourceTree = "<group>"; };
		FDEF23AD2446CCB700FAE642 /* ListRepositoriesViewControllerSnapshotTests__should_present_light_repository_cell_S@3x.png */ = {isa = PBXFileReference; lastKnownFileType = image.png; path = "ListRepositoriesViewControllerSnapshotTests__should_present_light_repository_cell_S@3x.png"; sourceTree = "<group>"; };
		FDEF23AE2446CCB700FAE642 /* ListRepositoriesViewControllerSnapshotTests__should_present_light_repository_cell_AccessibilityXXXL@3x.png */ = {isa = PBXFileReference; lastKnownFileType = image.png; path = "ListRepositoriesViewControllerSnapshotTests__should_present_light_repository_cell_AccessibilityXXXL@3x.png"; sourceTree = "<group>"; };
		FDEF23AF2446CCB700FAE642 /* ListRepositoriesViewControllerSnapshotTests__should_present_light_repository_cell_AccessibilityXXL@3x.png */ = {isa = PBXFileReference; lastKnownFileType = image.png; path = "ListRepositoriesViewControllerSnapshotTests__should_present_light_repository_cell_AccessibilityXXL@3x.png"; sourceTree = "<group>"; };
		FDEF23B02446CCB700FAE642 /* ListRepositoriesViewControllerSnapshotTests__should_present_light_repository_cell_AccessibilityL@3x.png */ = {isa = PBXFileReference; lastKnownFileType = image.png; path = "ListRepositoriesViewControllerSnapshotTests__should_present_light_repository_cell_AccessibilityL@3x.png"; sourceTree = "<group>"; };
		FDEF23B12446CCB700FAE642 /* ListRepositoriesViewControllerSnapshotTests__should_present_light_repository_cell_XXXL@3x.png */ = {isa = PBXFileReference; lastKnownFileType = image.png; path = "ListRepositoriesViewControllerSnapshotTests__should_present_light_repository_cell_XXXL@3x.png"; sourceTree = "<group>"; };
		FDEF23B22446CCB700FAE642 /* ListRepositoriesViewControllerSnapshotTests__should_present_light_repository_cell_M@3x.png */ = {isa = PBXFileReference; lastKnownFileType = image.png; path = "ListRepositoriesViewControllerSnapshotTests__should_present_light_repository_cell_M@3x.png"; sourceTree = "<group>"; };
		FDEF23B32446CCB700FAE642 /* ListRepositoriesViewControllerSnapshotTests__should_present_light_repository_cell_XL@3x.png */ = {isa = PBXFileReference; lastKnownFileType = image.png; path = "ListRepositoriesViewControllerSnapshotTests__should_present_light_repository_cell_XL@3x.png"; sourceTree = "<group>"; };
		FDF5DFDF238CA34600AB4F92 /* AmazingRepositories.app */ = {isa = PBXFileReference; explicitFileType = wrapper.application; includeInIndex = 0; path = AmazingRepositories.app; sourceTree = BUILT_PRODUCTS_DIR; };
		FDF5DFE2238CA34600AB4F92 /* AppDelegate.swift */ = {isa = PBXFileReference; lastKnownFileType = sourcecode.swift; path = AppDelegate.swift; sourceTree = "<group>"; };
		FDF5DFEB238CA34700AB4F92 /* Assets.xcassets */ = {isa = PBXFileReference; lastKnownFileType = folder.assetcatalog; path = Assets.xcassets; sourceTree = "<group>"; };
		FDF5DFEE238CA34700AB4F92 /* Base */ = {isa = PBXFileReference; lastKnownFileType = file.storyboard; name = Base; path = Base.lproj/LaunchScreen.storyboard; sourceTree = "<group>"; };
		FDF5DFF0238CA34700AB4F92 /* Info.plist */ = {isa = PBXFileReference; lastKnownFileType = text.plist.xml; path = Info.plist; sourceTree = "<group>"; };
		FDF5DFF5238CA34700AB4F92 /* AmazingRepositoriesTests.xctest */ = {isa = PBXFileReference; explicitFileType = wrapper.cfbundle; includeInIndex = 0; path = AmazingRepositoriesTests.xctest; sourceTree = BUILT_PRODUCTS_DIR; };
		FDF5DFFB238CA34700AB4F92 /* Info.plist */ = {isa = PBXFileReference; lastKnownFileType = text.plist.xml; path = Info.plist; sourceTree = "<group>"; };
		FDFC9EA4244717240037F7FF /* ListPullRequestsInteractorUnitTests.swift */ = {isa = PBXFileReference; lastKnownFileType = sourcecode.swift; path = ListPullRequestsInteractorUnitTests.swift; sourceTree = "<group>"; };
		FDFC9EA8244717A30037F7FF /* MockListPullRequestsPresenter.swift */ = {isa = PBXFileReference; lastKnownFileType = sourcecode.swift; path = MockListPullRequestsPresenter.swift; sourceTree = "<group>"; };
		FDFC9EAA244718360037F7FF /* MockListPullRequestsWorker.swift */ = {isa = PBXFileReference; lastKnownFileType = sourcecode.swift; path = MockListPullRequestsWorker.swift; sourceTree = "<group>"; };
/* End PBXFileReference section */

/* Begin PBXFrameworksBuildPhase section */
		FD084BBE2397E4E7000DC451 /* Frameworks */ = {
			isa = PBXFrameworksBuildPhase;
			buildActionMask = 2147483647;
			files = (
				7DBBA14F251D64A211D930F9 /* Pods_AmazingRepositories_AmazingRepositoriesFuncionalTests.framework in Frameworks */,
			);
			runOnlyForDeploymentPostprocessing = 0;
		};
		FDF5DFDC238CA34500AB4F92 /* Frameworks */ = {
			isa = PBXFrameworksBuildPhase;
			buildActionMask = 2147483647;
			files = (
				D24068B46E541881289705C2 /* Pods_AmazingRepositories.framework in Frameworks */,
			);
			runOnlyForDeploymentPostprocessing = 0;
		};
		FDF5DFF2238CA34700AB4F92 /* Frameworks */ = {
			isa = PBXFrameworksBuildPhase;
			buildActionMask = 2147483647;
			files = (
				7D149B194A53B232916CAD92 /* Pods_AmazingRepositoriesTests.framework in Frameworks */,
			);
			runOnlyForDeploymentPostprocessing = 0;
		};
/* End PBXFrameworksBuildPhase section */

/* Begin PBXGroup section */
		48164A95408A767F7B335EB3 /* Pods */ = {
			isa = PBXGroup;
			children = (
				3B860351DC6568687C8EC659 /* Pods-AmazingRepositories.debug.xcconfig */,
				3C1A23AE0C215BB917A3177D /* Pods-AmazingRepositories.release.xcconfig */,
				90C5491DA4A6A6B476598E02 /* Pods-AmazingRepositories-AmazingRepositoriesFuncionalTests.debug.xcconfig */,
				538053B561C06FF57DA1A55B /* Pods-AmazingRepositories-AmazingRepositoriesFuncionalTests.release.xcconfig */,
				8D9F6BDBF82AD315458212B9 /* Pods-AmazingRepositoriesTests.debug.xcconfig */,
				FDCE34FC1B2428806C26A682 /* Pods-AmazingRepositoriesTests.release.xcconfig */,
			);
			path = Pods;
			sourceTree = "<group>";
		};
		6FAF7D5F350E52CCE157E8E0 /* Frameworks */ = {
			isa = PBXGroup;
			children = (
				99E6D8DCB8B5796867AA444D /* Pods_AmazingRepositories.framework */,
				42613686746E157142ECBC9F /* Pods_AmazingRepositories_AmazingRepositoriesFuncionalTests.framework */,
				040D2F8F6F1818C987EDC4A9 /* Pods_AmazingRepositoriesTests.framework */,
			);
			name = Frameworks;
			sourceTree = "<group>";
		};
		FD084BC22397E4E7000DC451 /* AmazingRepositoriesFuncionalTests */ = {
			isa = PBXGroup;
			children = (
				FD9B33F02397E5800044943F /* Definitions */,
				FD9B33F32397E77B0044943F /* Interface Tests */,
				FD084BC52397E4E7000DC451 /* Info.plist */,
			);
			path = AmazingRepositoriesFuncionalTests;
			sourceTree = "<group>";
		};
		FD1EEEF02396C63B00AE5562 /* Unit Tests */ = {
			isa = PBXGroup;
			children = (
				FD1EEEF12396C65800AE5562 /* ListRepositoriesInteractorUnitTests.swift */,
				FDFC9EA4244717240037F7FF /* ListPullRequestsInteractorUnitTests.swift */,
			);
			path = "Unit Tests";
			sourceTree = "<group>";
		};
		FD1EEEF32396CAE700AE5562 /* Supporting Files */ = {
			isa = PBXGroup;
			children = (
				FDFC9EA7244717810037F7FF /* Mock List Pull Requests */,
				FDFC9EA62447176E0037F7FF /* Mock List Repositories */,
			);
			path = "Supporting Files";
			sourceTree = "<group>";
		};
		FD315944239700C1008D1DE7 /* Resources */ = {
			isa = PBXGroup;
			children = (
				FD315945239700F6008D1DE7 /* repositories-stars-page-1.json */,
				FD31594A23970665008D1DE7 /* repositories-stars-page-2.json */,
				FD31594C23970FBC008D1DE7 /* repositories-updated-page-1.json */,
			);
			path = Resources;
			sourceTree = "<group>";
		};
		FD315947239701CE008D1DE7 /* Helpers */ = {
			isa = PBXGroup;
			children = (
				FD315948239701E5008D1DE7 /* JSONReaderHelper.swift */,
			);
			path = Helpers;
			sourceTree = "<group>";
		};
		FD31594E23971EE1008D1DE7 /* Snapshot Tests */ = {
			isa = PBXGroup;
			children = (
				FD31594F23971F17008D1DE7 /* ListRepositoriesViewControllerSnapshotTests.swift */,
				FD8330622399FB77001A675E /* RepositoryTableHeaderViewSnapshotTests.swift */,
				FD8330692399FCB1001A675E /* LoadingAlertViewSnapshotTests.swift */,
			);
			path = "Snapshot Tests";
			sourceTree = "<group>";
		};
		FD31595323972242008D1DE7 /* ReferenceImages */ = {
			isa = PBXGroup;
			children = (
				FDEF23A72446CCB700FAE642 /* ListRepositoriesViewControllerSnapshotTests */,
				FDEF238D2446CCB700FAE642 /* LoadingAlertViewSnapshotTests */,
				FDEF239A2446CCB700FAE642 /* RepositoryTableHeaderViewSnapshotTests */,
			);
			path = ReferenceImages;
			sourceTree = "<group>";
		};
		FD31D9D5238CA50A00FAE610 /* Bootstrap */ = {
			isa = PBXGroup;
			children = (
				FDF5DFE2238CA34600AB4F92 /* AppDelegate.swift */,
			);
			path = Bootstrap;
			sourceTree = "<group>";
		};
		FD31D9D6238CA52400FAE610 /* Resources */ = {
			isa = PBXGroup;
			children = (
				FDF5DFEB238CA34700AB4F92 /* Assets.xcassets */,
				FD9B33FB2397F6D40044943F /* Localizable.strings */,
				FDF5DFED238CA34700AB4F92 /* LaunchScreen.storyboard */,
				FDF5DFF0238CA34700AB4F92 /* Info.plist */,
			);
			path = Resources;
			sourceTree = "<group>";
		};
		FD31D9D7238CA72D00FAE610 /* Scenes */ = {
			isa = PBXGroup;
			children = (
				FD31D9D8238CA73800FAE610 /* List Repositories */,
				FDEF23732445D5BA00FAE642 /* List Pull Requests */,
			);
			path = Scenes;
			sourceTree = "<group>";
		};
		FD31D9D8238CA73800FAE610 /* List Repositories */ = {
			isa = PBXGroup;
			children = (
				FDEF2370244547A000FAE642 /* Views */,
				FD31D9DB238CA75100FAE610 /* ListRepositoriesRouter.swift */,
				FD31D9DC238CA75100FAE610 /* ListRepositoriesModels.swift */,
				FD31D9DA238CA75100FAE610 /* ListRepositoriesWorker.swift */,
				FD31D9DE238CA75100FAE610 /* ListRepositoriesInteractor.swift */,
				FD31D9D9238CA75100FAE610 /* ListRepositoriesPresenter.swift */,
				FD31D9DD238CA75100FAE610 /* ListRepositoriesViewController.swift */,
			);
			path = "List Repositories";
			sourceTree = "<group>";
		};
		FD31D9E5238CA80E00FAE610 /* Networking */ = {
			isa = PBXGroup;
			children = (
				FD31D9E6238CA83600FAE610 /* Endpoint.swift */,
				FD31D9EC238CAA1700FAE610 /* Endpoint+Repositories.swift */,
				FDEF23802445DF1F00FAE642 /* Endpoint+PullRequests.swift */,
				FD31D9EA238CA95C00FAE610 /* NetworkError.swift */,
				FD31D9E8238CA8F100FAE610 /* NetworkProvider.swift */,
			);
			path = Networking;
			sourceTree = "<group>";
		};
		FD31D9EE238CB89B00FAE610 /* Utils */ = {
			isa = PBXGroup;
			children = (
				FD83305B2399F4D9001A675E /* Snapshot Views */,
				FD31D9EF238CB8D600FAE610 /* Definitions */,
				FD7BAB5B23941ABC00B20C01 /* LoadingActivityIndicator.swift */,
			);
			path = Utils;
			sourceTree = "<group>";
		};
		FD31D9EF238CB8D600FAE610 /* Definitions */ = {
			isa = PBXGroup;
			children = (
				FD31D9F0238CB8EA00FAE610 /* CustomViewDelegate.swift */,
				FD7BAB5F2394209000B20C01 /* EmptyClosure.swift */,
			);
			path = Definitions;
			sourceTree = "<group>";
		};
		FD7A6C8B2396DB3800661637 /* Definitions */ = {
			isa = PBXGroup;
			children = (
				FD7A6C8C2396DB4300661637 /* ReturnTypes.swift */,
			);
			path = Definitions;
			sourceTree = "<group>";
		};
		FD83305B2399F4D9001A675E /* Snapshot Views */ = {
			isa = PBXGroup;
			children = (
				FD83305C2399F50C001A675E /* DummyRepositoryTableView.swift */,
				FD8330602399F9C8001A675E /* DummyHeaderView.swift */,
				FD8330672399FC2D001A675E /* DummyLoadingAlertView.swift */,
			);
			path = "Snapshot Views";
			sourceTree = "<group>";
		};
		FD9B33F02397E5800044943F /* Definitions */ = {
			isa = PBXGroup;
			children = (
				FD9B33F12397E5A10044943F /* XCTestCase+KIF.swift */,
			);
			path = Definitions;
			sourceTree = "<group>";
		};
		FD9B33F32397E77B0044943F /* Interface Tests */ = {
			isa = PBXGroup;
			children = (
				FD9B33F42397E7EE0044943F /* ListRepositoriesViewControllerFunctionalTests.swift */,
			);
			path = "Interface Tests";
			sourceTree = "<group>";
		};
		FDAB351C238DFD9E00FACF31 /* Extensions */ = {
			isa = PBXGroup;
			children = (
				FDEF236D24453B8600FAE642 /* CGFloat+Metrics.swift */,
				FDAB351D238DFDB100FACF31 /* UIColor+Theme.swift */,
				FD60EE5F239074CD008701C5 /* UIFont+Theme.swift */,
				FD60EE632390A5E1008701C5 /* Int+SmallNumbers.swift */,
				FD7BAB5D23941B8200B20C01 /* UIViewController+Alerts.swift */,
				FD9B33FD2397F99B0044943F /* String+Localizable.swift */,
				FD9B33FF239803440044943F /* String+AccessibilityIdentifiers.swift */,
				FDEF237124454C2300FAE642 /* Sequence+Sorted.swift */,
			);
			path = Extensions;
			sourceTree = "<group>";
		};
		FDEF2370244547A000FAE642 /* Views */ = {
			isa = PBXGroup;
			children = (
				FD31D9F2238CB92900FAE610 /* ListRepositoriesTableViewCell.swift */,
				FDAB351F238E157300FACF31 /* ListRepositoriesTableHeaderView.swift */,
			);
			path = Views;
			sourceTree = "<group>";
		};
		FDEF23732445D5BA00FAE642 /* List Pull Requests */ = {
			isa = PBXGroup;
			children = (
				FDEF23822445E2BB00FAE642 /* Views */,
				FDEF23762445D5E800FAE642 /* ListPullRequestsRouter.swift */,
				FDEF23772445D5E800FAE642 /* ListPullRequestsModels.swift */,
				FDEF23752445D5E800FAE642 /* ListPullRequestsWorker.swift */,
				FDEF23792445D5E800FAE642 /* ListPullRequestsInteractor.swift */,
				FDEF23742445D5E800FAE642 /* ListPullRequestsPresenter.swift */,
				FDEF23782445D5E800FAE642 /* ListPullRequestsViewController.swift */,
			);
			path = "List Pull Requests";
			sourceTree = "<group>";
		};
		FDEF23822445E2BB00FAE642 /* Views */ = {
			isa = PBXGroup;
			children = (
				FDEF23832445E2C100FAE642 /* ListPullRequestsView.swift */,
				FDEF23852445EA5E00FAE642 /* ListPullRequestsHeaderView.swift */,
				FDEF23872445ED6C00FAE642 /* ListPullRequestsTableViewCell.swift */,
				FDEF238924463EEB00FAE642 /* ListPullRequestsEmptyStateView.swift */,
				FDEF238B24467C5800FAE642 /* ListPullRequestsErrorStateView.swift */,
			);
			path = Views;
			sourceTree = "<group>";
		};
		FDEF238D2446CCB700FAE642 /* LoadingAlertViewSnapshotTests */ = {
			isa = PBXGroup;
			children = (
				FDEF238E2446CCB700FAE642 /* LoadingAlertViewSnapshotTests__should_present_loading_alert_view_AccessibilityXL@3x.png */,
				FDEF238F2446CCB700FAE642 /* LoadingAlertViewSnapshotTests__should_present_loading_alert_view_S@3x.png */,
				FDEF23902446CCB700FAE642 /* LoadingAlertViewSnapshotTests__should_present_loading_alert_view_AccessibilityL@3x.png */,
				FDEF23912446CCB700FAE642 /* LoadingAlertViewSnapshotTests__should_present_loading_alert_view_M@3x.png */,
				FDEF23922446CCB700FAE642 /* LoadingAlertViewSnapshotTests__should_present_loading_alert_view_XS@3x.png */,
				FDEF23932446CCB700FAE642 /* LoadingAlertViewSnapshotTests__should_present_loading_alert_view_XXXL@3x.png */,
				FDEF23942446CCB700FAE642 /* LoadingAlertViewSnapshotTests__should_present_loading_alert_view_XL@3x.png */,
				FDEF23952446CCB700FAE642 /* LoadingAlertViewSnapshotTests__should_present_loading_alert_view_XXL@3x.png */,
				FDEF23962446CCB700FAE642 /* LoadingAlertViewSnapshotTests__should_present_loading_alert_view_AccessibilityXXL@3x.png */,
				FDEF23972446CCB700FAE642 /* LoadingAlertViewSnapshotTests__should_present_loading_alert_view_AccessibilityXXXL@3x.png */,
				FDEF23982446CCB700FAE642 /* LoadingAlertViewSnapshotTests__should_present_loading_alert_view_L@3x.png */,
				FDEF23992446CCB700FAE642 /* LoadingAlertViewSnapshotTests__should_present_loading_alert_view_AccessibilityM@3x.png */,
			);
			path = LoadingAlertViewSnapshotTests;
			sourceTree = "<group>";
		};
		FDEF239A2446CCB700FAE642 /* RepositoryTableHeaderViewSnapshotTests */ = {
			isa = PBXGroup;
			children = (
				FDEF239B2446CCB700FAE642 /* RepositoryTableHeaderViewSnapshotTests__should_present_light_repository_header_view_XL@3x.png */,
				FDEF239C2446CCB700FAE642 /* RepositoryTableHeaderViewSnapshotTests__should_present_light_repository_header_view_L@3x.png */,
				FDEF239D2446CCB700FAE642 /* RepositoryTableHeaderViewSnapshotTests__should_present_light_repository_header_view_AccessibilityL@3x.png */,
				FDEF239E2446CCB700FAE642 /* RepositoryTableHeaderViewSnapshotTests__should_present_light_repository_header_view_XXL@3x.png */,
				FDEF239F2446CCB700FAE642 /* RepositoryTableHeaderViewSnapshotTests__should_present_light_repository_header_view_M@3x.png */,
				FDEF23A02446CCB700FAE642 /* RepositoryTableHeaderViewSnapshotTests__should_present_light_repository_header_view_AccessibilityXXL@3x.png */,
				FDEF23A12446CCB700FAE642 /* RepositoryTableHeaderViewSnapshotTests__should_present_light_repository_header_view_AccessibilityM@3x.png */,
				FDEF23A22446CCB700FAE642 /* RepositoryTableHeaderViewSnapshotTests__should_present_light_repository_header_view_AccessibilityXXXL@3x.png */,
				FDEF23A32446CCB700FAE642 /* RepositoryTableHeaderViewSnapshotTests__should_present_light_repository_header_view_XS@3x.png */,
				FDEF23A42446CCB700FAE642 /* RepositoryTableHeaderViewSnapshotTests__should_present_light_repository_header_view_S@3x.png */,
				FDEF23A52446CCB700FAE642 /* RepositoryTableHeaderViewSnapshotTests__should_present_light_repository_header_view_AccessibilityXL@3x.png */,
				FDEF23A62446CCB700FAE642 /* RepositoryTableHeaderViewSnapshotTests__should_present_light_repository_header_view_XXXL@3x.png */,
			);
			path = RepositoryTableHeaderViewSnapshotTests;
			sourceTree = "<group>";
		};
		FDEF23A72446CCB700FAE642 /* ListRepositoriesViewControllerSnapshotTests */ = {
			isa = PBXGroup;
			children = (
				FDEF23A82446CCB700FAE642 /* ListRepositoriesViewControllerSnapshotTests__should_present_light_repository_cell_XS@3x.png */,
				FDEF23A92446CCB700FAE642 /* ListRepositoriesViewControllerSnapshotTests__should_present_light_repository_cell_AccessibilityM@3x.png */,
				FDEF23AA2446CCB700FAE642 /* ListRepositoriesViewControllerSnapshotTests__should_present_light_repository_cell_L@3x.png */,
				FDEF23AB2446CCB700FAE642 /* ListRepositoriesViewControllerSnapshotTests__should_present_light_repository_cell_XXL@3x.png */,
				FDEF23AC2446CCB700FAE642 /* ListRepositoriesViewControllerSnapshotTests__should_present_light_repository_cell_AccessibilityXL@3x.png */,
				FDEF23AD2446CCB700FAE642 /* ListRepositoriesViewControllerSnapshotTests__should_present_light_repository_cell_S@3x.png */,
				FDEF23AE2446CCB700FAE642 /* ListRepositoriesViewControllerSnapshotTests__should_present_light_repository_cell_AccessibilityXXXL@3x.png */,
				FDEF23AF2446CCB700FAE642 /* ListRepositoriesViewControllerSnapshotTests__should_present_light_repository_cell_AccessibilityXXL@3x.png */,
				FDEF23B02446CCB700FAE642 /* ListRepositoriesViewControllerSnapshotTests__should_present_light_repository_cell_AccessibilityL@3x.png */,
				FDEF23B12446CCB700FAE642 /* ListRepositoriesViewControllerSnapshotTests__should_present_light_repository_cell_XXXL@3x.png */,
				FDEF23B22446CCB700FAE642 /* ListRepositoriesViewControllerSnapshotTests__should_present_light_repository_cell_M@3x.png */,
				FDEF23B32446CCB700FAE642 /* ListRepositoriesViewControllerSnapshotTests__should_present_light_repository_cell_XL@3x.png */,
			);
			path = ListRepositoriesViewControllerSnapshotTests;
			sourceTree = "<group>";
		};
		FDF5DFD6238CA34500AB4F92 = {
			isa = PBXGroup;
			children = (
				FDF5DFE1238CA34600AB4F92 /* AmazingRepositories */,
				FDF5DFF8238CA34700AB4F92 /* AmazingRepositoriesTests */,
				FD084BC22397E4E7000DC451 /* AmazingRepositoriesFuncionalTests */,
				FDF5DFE0238CA34600AB4F92 /* Products */,
				48164A95408A767F7B335EB3 /* Pods */,
				6FAF7D5F350E52CCE157E8E0 /* Frameworks */,
			);
			sourceTree = "<group>";
		};
		FDF5DFE0238CA34600AB4F92 /* Products */ = {
			isa = PBXGroup;
			children = (
				FDF5DFDF238CA34600AB4F92 /* AmazingRepositories.app */,
				FDF5DFF5238CA34700AB4F92 /* AmazingRepositoriesTests.xctest */,
				FD084BC12397E4E7000DC451 /* AmazingRepositoriesFuncionalTests.xctest */,
			);
			name = Products;
			sourceTree = "<group>";
		};
		FDF5DFE1238CA34600AB4F92 /* AmazingRepositories */ = {
			isa = PBXGroup;
			children = (
				FD31D9D5238CA50A00FAE610 /* Bootstrap */,
				FD31D9D7238CA72D00FAE610 /* Scenes */,
				FD31D9D6238CA52400FAE610 /* Resources */,
				FD31D9E5238CA80E00FAE610 /* Networking */,
				FDAB351C238DFD9E00FACF31 /* Extensions */,
				FD31D9EE238CB89B00FAE610 /* Utils */,
			);
			path = AmazingRepositories;
			sourceTree = "<group>";
		};
		FDF5DFF8238CA34700AB4F92 /* AmazingRepositoriesTests */ = {
			isa = PBXGroup;
			children = (
				FD31595323972242008D1DE7 /* ReferenceImages */,
				FD315944239700C1008D1DE7 /* Resources */,
				FD7A6C8B2396DB3800661637 /* Definitions */,
				FD1EEEF32396CAE700AE5562 /* Supporting Files */,
				FD315947239701CE008D1DE7 /* Helpers */,
				FD1EEEF02396C63B00AE5562 /* Unit Tests */,
				FD31594E23971EE1008D1DE7 /* Snapshot Tests */,
				FDF5DFFB238CA34700AB4F92 /* Info.plist */,
			);
			path = AmazingRepositoriesTests;
			sourceTree = "<group>";
		};
		FDFC9EA62447176E0037F7FF /* Mock List Repositories */ = {
			isa = PBXGroup;
			children = (
				FD1EEEF42396CAF700AE5562 /* MockListRepositoriesPresenter.swift */,
				FD1EEEF62396CB1C00AE5562 /* MockListRepositoriesWorker.swift */,
				FD31595123972010008D1DE7 /* MockListRepositoriesInteractor.swift */,
			);
			path = "Mock List Repositories";
			sourceTree = "<group>";
		};
		FDFC9EA7244717810037F7FF /* Mock List Pull Requests */ = {
			isa = PBXGroup;
			children = (
				FDFC9EA8244717A30037F7FF /* MockListPullRequestsPresenter.swift */,
				FDFC9EAA244718360037F7FF /* MockListPullRequestsWorker.swift */,
			);
			path = "Mock List Pull Requests";
			sourceTree = "<group>";
		};
/* End PBXGroup section */

/* Begin PBXNativeTarget section */
		FD084BC02397E4E7000DC451 /* AmazingRepositoriesFuncionalTests */ = {
			isa = PBXNativeTarget;
			buildConfigurationList = FD084BCA2397E4E7000DC451 /* Build configuration list for PBXNativeTarget "AmazingRepositoriesFuncionalTests" */;
			buildPhases = (
				344A49F5B4E5FEC2A4A1EE99 /* [CP] Check Pods Manifest.lock */,
				FD084BBD2397E4E7000DC451 /* Sources */,
				FD084BBE2397E4E7000DC451 /* Frameworks */,
				FD084BBF2397E4E7000DC451 /* Resources */,
				37EC5716A5A10F030FD79FBF /* [CP] Embed Pods Frameworks */,
			);
			buildRules = (
			);
			dependencies = (
				FD084BC72397E4E7000DC451 /* PBXTargetDependency */,
			);
			name = AmazingRepositoriesFuncionalTests;
			productName = AmazingRepositoriesFuncionalTests;
			productReference = FD084BC12397E4E7000DC451 /* AmazingRepositoriesFuncionalTests.xctest */;
			productType = "com.apple.product-type.bundle.unit-test";
		};
		FDF5DFDE238CA34500AB4F92 /* AmazingRepositories */ = {
			isa = PBXNativeTarget;
			buildConfigurationList = FDF5E009238CA34700AB4F92 /* Build configuration list for PBXNativeTarget "AmazingRepositories" */;
			buildPhases = (
				984F73CE14DBC7C7743CEE2E /* [CP] Check Pods Manifest.lock */,
				FDF5DFDB238CA34500AB4F92 /* Sources */,
				FDF5DFDC238CA34500AB4F92 /* Frameworks */,
				FDF5DFDD238CA34500AB4F92 /* Resources */,
				E4D575BC29CC28394C0DBAF3 /* [CP] Embed Pods Frameworks */,
			);
			buildRules = (
			);
			dependencies = (
			);
			name = AmazingRepositories;
			productName = AmazingRepositories;
			productReference = FDF5DFDF238CA34600AB4F92 /* AmazingRepositories.app */;
			productType = "com.apple.product-type.application";
		};
		FDF5DFF4238CA34700AB4F92 /* AmazingRepositoriesTests */ = {
			isa = PBXNativeTarget;
			buildConfigurationList = FDF5E00C238CA34700AB4F92 /* Build configuration list for PBXNativeTarget "AmazingRepositoriesTests" */;
			buildPhases = (
				56A206FA9B16409A734AB5F9 /* [CP] Check Pods Manifest.lock */,
				FDF5DFF1238CA34700AB4F92 /* Sources */,
				FDF5DFF2238CA34700AB4F92 /* Frameworks */,
				FDF5DFF3238CA34700AB4F92 /* Resources */,
				6444E1FA6E870A98B6FFFE78 /* [CP] Embed Pods Frameworks */,
			);
			buildRules = (
			);
			dependencies = (
				FDF5DFF7238CA34700AB4F92 /* PBXTargetDependency */,
			);
			name = AmazingRepositoriesTests;
			productName = AmazingRepositoriesTests;
			productReference = FDF5DFF5238CA34700AB4F92 /* AmazingRepositoriesTests.xctest */;
			productType = "com.apple.product-type.bundle.unit-test";
		};
/* End PBXNativeTarget section */

/* Begin PBXProject section */
		FDF5DFD7238CA34500AB4F92 /* Project object */ = {
			isa = PBXProject;
			attributes = {
				LastSwiftUpdateCheck = 1120;
				LastUpgradeCheck = 1120;
				ORGANIZATIONNAME = "Leandro Romano";
				TargetAttributes = {
					FD084BC02397E4E7000DC451 = {
						CreatedOnToolsVersion = 11.2.1;
						TestTargetID = FDF5DFDE238CA34500AB4F92;
					};
					FDF5DFDE238CA34500AB4F92 = {
						CreatedOnToolsVersion = 11.2.1;
					};
					FDF5DFF4238CA34700AB4F92 = {
						CreatedOnToolsVersion = 11.2.1;
						TestTargetID = FDF5DFDE238CA34500AB4F92;
					};
				};
			};
			buildConfigurationList = FDF5DFDA238CA34500AB4F92 /* Build configuration list for PBXProject "AmazingRepositories" */;
			compatibilityVersion = "Xcode 9.3";
			developmentRegion = en;
			hasScannedForEncodings = 0;
			knownRegions = (
				en,
				Base,
				"pt-BR",
			);
			mainGroup = FDF5DFD6238CA34500AB4F92;
			productRefGroup = FDF5DFE0238CA34600AB4F92 /* Products */;
			projectDirPath = "";
			projectRoot = "";
			targets = (
				FDF5DFDE238CA34500AB4F92 /* AmazingRepositories */,
				FDF5DFF4238CA34700AB4F92 /* AmazingRepositoriesTests */,
				FD084BC02397E4E7000DC451 /* AmazingRepositoriesFuncionalTests */,
			);
		};
/* End PBXProject section */

/* Begin PBXResourcesBuildPhase section */
		FD084BBF2397E4E7000DC451 /* Resources */ = {
			isa = PBXResourcesBuildPhase;
			buildActionMask = 2147483647;
			files = (
			);
			runOnlyForDeploymentPostprocessing = 0;
		};
		FDF5DFDD238CA34500AB4F92 /* Resources */ = {
			isa = PBXResourcesBuildPhase;
			buildActionMask = 2147483647;
			files = (
				FDF5DFEF238CA34700AB4F92 /* LaunchScreen.storyboard in Resources */,
				FD9B33F92397F6D40044943F /* Localizable.strings in Resources */,
				FDF5DFEC238CA34700AB4F92 /* Assets.xcassets in Resources */,
			);
			runOnlyForDeploymentPostprocessing = 0;
		};
		FDF5DFF3238CA34700AB4F92 /* Resources */ = {
			isa = PBXResourcesBuildPhase;
			buildActionMask = 2147483647;
			files = (
				FDEF23D32446CCB700FAE642 /* ListRepositoriesViewControllerSnapshotTests__should_present_light_repository_cell_AccessibilityXXL@3x.png in Resources */,
				FDEF23C12446CCB700FAE642 /* RepositoryTableHeaderViewSnapshotTests__should_present_light_repository_header_view_L@3x.png in Resources */,
				FD315946239700F6008D1DE7 /* repositories-stars-page-1.json in Resources */,
				FDEF23B82446CCB700FAE642 /* LoadingAlertViewSnapshotTests__should_present_loading_alert_view_XS@3x.png in Resources */,
				FDEF23D72446CCB700FAE642 /* ListRepositoriesViewControllerSnapshotTests__should_present_light_repository_cell_XL@3x.png in Resources */,
				FDEF23CE2446CCB700FAE642 /* ListRepositoriesViewControllerSnapshotTests__should_present_light_repository_cell_L@3x.png in Resources */,
				FDEF23C02446CCB700FAE642 /* RepositoryTableHeaderViewSnapshotTests__should_present_light_repository_header_view_XL@3x.png in Resources */,
				FDEF23D62446CCB700FAE642 /* ListRepositoriesViewControllerSnapshotTests__should_present_light_repository_cell_M@3x.png in Resources */,
				FDEF23B92446CCB700FAE642 /* LoadingAlertViewSnapshotTests__should_present_loading_alert_view_XXXL@3x.png in Resources */,
				FDEF23C72446CCB700FAE642 /* RepositoryTableHeaderViewSnapshotTests__should_present_light_repository_header_view_AccessibilityXXXL@3x.png in Resources */,
				FDEF23B52446CCB700FAE642 /* LoadingAlertViewSnapshotTests__should_present_loading_alert_view_S@3x.png in Resources */,
				FDEF23B62446CCB700FAE642 /* LoadingAlertViewSnapshotTests__should_present_loading_alert_view_AccessibilityL@3x.png in Resources */,
				FDEF23D52446CCB700FAE642 /* ListRepositoriesViewControllerSnapshotTests__should_present_light_repository_cell_XXXL@3x.png in Resources */,
				FDEF23BF2446CCB700FAE642 /* LoadingAlertViewSnapshotTests__should_present_loading_alert_view_AccessibilityM@3x.png in Resources */,
				FDEF23C92446CCB700FAE642 /* RepositoryTableHeaderViewSnapshotTests__should_present_light_repository_header_view_S@3x.png in Resources */,
				FD31594B23970665008D1DE7 /* repositories-stars-page-2.json in Resources */,
				FDEF23D42446CCB700FAE642 /* ListRepositoriesViewControllerSnapshotTests__should_present_light_repository_cell_AccessibilityL@3x.png in Resources */,
				FDEF23CC2446CCB700FAE642 /* ListRepositoriesViewControllerSnapshotTests__should_present_light_repository_cell_XS@3x.png in Resources */,
				FDEF23C32446CCB700FAE642 /* RepositoryTableHeaderViewSnapshotTests__should_present_light_repository_header_view_XXL@3x.png in Resources */,
				FDEF23C62446CCB700FAE642 /* RepositoryTableHeaderViewSnapshotTests__should_present_light_repository_header_view_AccessibilityM@3x.png in Resources */,
				FDEF23BB2446CCB700FAE642 /* LoadingAlertViewSnapshotTests__should_present_loading_alert_view_XXL@3x.png in Resources */,
				FDEF23BE2446CCB700FAE642 /* LoadingAlertViewSnapshotTests__should_present_loading_alert_view_L@3x.png in Resources */,
				FDEF23BA2446CCB700FAE642 /* LoadingAlertViewSnapshotTests__should_present_loading_alert_view_XL@3x.png in Resources */,
				FDEF23D02446CCB700FAE642 /* ListRepositoriesViewControllerSnapshotTests__should_present_light_repository_cell_AccessibilityXL@3x.png in Resources */,
				FDEF23BD2446CCB700FAE642 /* LoadingAlertViewSnapshotTests__should_present_loading_alert_view_AccessibilityXXXL@3x.png in Resources */,
				FDEF23CF2446CCB700FAE642 /* ListRepositoriesViewControllerSnapshotTests__should_present_light_repository_cell_XXL@3x.png in Resources */,
				FDEF23CD2446CCB700FAE642 /* ListRepositoriesViewControllerSnapshotTests__should_present_light_repository_cell_AccessibilityM@3x.png in Resources */,
				FDEF23D22446CCB700FAE642 /* ListRepositoriesViewControllerSnapshotTests__should_present_light_repository_cell_AccessibilityXXXL@3x.png in Resources */,
				FDEF23CB2446CCB700FAE642 /* RepositoryTableHeaderViewSnapshotTests__should_present_light_repository_header_view_XXXL@3x.png in Resources */,
				FDEF23C42446CCB700FAE642 /* RepositoryTableHeaderViewSnapshotTests__should_present_light_repository_header_view_M@3x.png in Resources */,
				FDEF23C82446CCB700FAE642 /* RepositoryTableHeaderViewSnapshotTests__should_present_light_repository_header_view_XS@3x.png in Resources */,
				FDEF23D12446CCB700FAE642 /* ListRepositoriesViewControllerSnapshotTests__should_present_light_repository_cell_S@3x.png in Resources */,
				FDEF23BC2446CCB700FAE642 /* LoadingAlertViewSnapshotTests__should_present_loading_alert_view_AccessibilityXXL@3x.png in Resources */,
				FDEF23B72446CCB700FAE642 /* LoadingAlertViewSnapshotTests__should_present_loading_alert_view_M@3x.png in Resources */,
				FDEF23C22446CCB700FAE642 /* RepositoryTableHeaderViewSnapshotTests__should_present_light_repository_header_view_AccessibilityL@3x.png in Resources */,
				FD31594D23970FBC008D1DE7 /* repositories-updated-page-1.json in Resources */,
				FDEF23C52446CCB700FAE642 /* RepositoryTableHeaderViewSnapshotTests__should_present_light_repository_header_view_AccessibilityXXL@3x.png in Resources */,
				FDEF23CA2446CCB700FAE642 /* RepositoryTableHeaderViewSnapshotTests__should_present_light_repository_header_view_AccessibilityXL@3x.png in Resources */,
				FDEF23B42446CCB700FAE642 /* LoadingAlertViewSnapshotTests__should_present_loading_alert_view_AccessibilityXL@3x.png in Resources */,
			);
			runOnlyForDeploymentPostprocessing = 0;
		};
/* End PBXResourcesBuildPhase section */

/* Begin PBXShellScriptBuildPhase section */
		344A49F5B4E5FEC2A4A1EE99 /* [CP] Check Pods Manifest.lock */ = {
			isa = PBXShellScriptBuildPhase;
			buildActionMask = 2147483647;
			files = (
			);
			inputFileListPaths = (
			);
			inputPaths = (
				"${PODS_PODFILE_DIR_PATH}/Podfile.lock",
				"${PODS_ROOT}/Manifest.lock",
			);
			name = "[CP] Check Pods Manifest.lock";
			outputFileListPaths = (
			);
			outputPaths = (
				"$(DERIVED_FILE_DIR)/Pods-AmazingRepositories-AmazingRepositoriesFuncionalTests-checkManifestLockResult.txt",
			);
			runOnlyForDeploymentPostprocessing = 0;
			shellPath = /bin/sh;
			shellScript = "diff \"${PODS_PODFILE_DIR_PATH}/Podfile.lock\" \"${PODS_ROOT}/Manifest.lock\" > /dev/null\nif [ $? != 0 ] ; then\n    # print error to STDERR\n    echo \"error: The sandbox is not in sync with the Podfile.lock. Run 'pod install' or update your CocoaPods installation.\" >&2\n    exit 1\nfi\n# This output is used by Xcode 'outputs' to avoid re-running this script phase.\necho \"SUCCESS\" > \"${SCRIPT_OUTPUT_FILE_0}\"\n";
			showEnvVarsInLog = 0;
		};
		37EC5716A5A10F030FD79FBF /* [CP] Embed Pods Frameworks */ = {
			isa = PBXShellScriptBuildPhase;
			buildActionMask = 2147483647;
			files = (
			);
			inputFileListPaths = (
				"${PODS_ROOT}/Target Support Files/Pods-AmazingRepositories-AmazingRepositoriesFuncionalTests/Pods-AmazingRepositories-AmazingRepositoriesFuncionalTests-frameworks-${CONFIGURATION}-input-files.xcfilelist",
			);
			name = "[CP] Embed Pods Frameworks";
			outputFileListPaths = (
				"${PODS_ROOT}/Target Support Files/Pods-AmazingRepositories-AmazingRepositoriesFuncionalTests/Pods-AmazingRepositories-AmazingRepositoriesFuncionalTests-frameworks-${CONFIGURATION}-output-files.xcfilelist",
			);
			runOnlyForDeploymentPostprocessing = 0;
			shellPath = /bin/sh;
			shellScript = "\"${PODS_ROOT}/Target Support Files/Pods-AmazingRepositories-AmazingRepositoriesFuncionalTests/Pods-AmazingRepositories-AmazingRepositoriesFuncionalTests-frameworks.sh\"\n";
			showEnvVarsInLog = 0;
		};
		56A206FA9B16409A734AB5F9 /* [CP] Check Pods Manifest.lock */ = {
			isa = PBXShellScriptBuildPhase;
			buildActionMask = 2147483647;
			files = (
			);
			inputFileListPaths = (
			);
			inputPaths = (
				"${PODS_PODFILE_DIR_PATH}/Podfile.lock",
				"${PODS_ROOT}/Manifest.lock",
			);
			name = "[CP] Check Pods Manifest.lock";
			outputFileListPaths = (
			);
			outputPaths = (
				"$(DERIVED_FILE_DIR)/Pods-AmazingRepositoriesTests-checkManifestLockResult.txt",
			);
			runOnlyForDeploymentPostprocessing = 0;
			shellPath = /bin/sh;
			shellScript = "diff \"${PODS_PODFILE_DIR_PATH}/Podfile.lock\" \"${PODS_ROOT}/Manifest.lock\" > /dev/null\nif [ $? != 0 ] ; then\n    # print error to STDERR\n    echo \"error: The sandbox is not in sync with the Podfile.lock. Run 'pod install' or update your CocoaPods installation.\" >&2\n    exit 1\nfi\n# This output is used by Xcode 'outputs' to avoid re-running this script phase.\necho \"SUCCESS\" > \"${SCRIPT_OUTPUT_FILE_0}\"\n";
			showEnvVarsInLog = 0;
		};
		6444E1FA6E870A98B6FFFE78 /* [CP] Embed Pods Frameworks */ = {
			isa = PBXShellScriptBuildPhase;
			buildActionMask = 2147483647;
			files = (
			);
			inputFileListPaths = (
				"${PODS_ROOT}/Target Support Files/Pods-AmazingRepositoriesTests/Pods-AmazingRepositoriesTests-frameworks-${CONFIGURATION}-input-files.xcfilelist",
			);
			name = "[CP] Embed Pods Frameworks";
			outputFileListPaths = (
				"${PODS_ROOT}/Target Support Files/Pods-AmazingRepositoriesTests/Pods-AmazingRepositoriesTests-frameworks-${CONFIGURATION}-output-files.xcfilelist",
			);
			runOnlyForDeploymentPostprocessing = 0;
			shellPath = /bin/sh;
			shellScript = "\"${PODS_ROOT}/Target Support Files/Pods-AmazingRepositoriesTests/Pods-AmazingRepositoriesTests-frameworks.sh\"\n";
			showEnvVarsInLog = 0;
		};
		984F73CE14DBC7C7743CEE2E /* [CP] Check Pods Manifest.lock */ = {
			isa = PBXShellScriptBuildPhase;
			buildActionMask = 2147483647;
			files = (
			);
			inputFileListPaths = (
			);
			inputPaths = (
				"${PODS_PODFILE_DIR_PATH}/Podfile.lock",
				"${PODS_ROOT}/Manifest.lock",
			);
			name = "[CP] Check Pods Manifest.lock";
			outputFileListPaths = (
			);
			outputPaths = (
				"$(DERIVED_FILE_DIR)/Pods-AmazingRepositories-checkManifestLockResult.txt",
			);
			runOnlyForDeploymentPostprocessing = 0;
			shellPath = /bin/sh;
			shellScript = "diff \"${PODS_PODFILE_DIR_PATH}/Podfile.lock\" \"${PODS_ROOT}/Manifest.lock\" > /dev/null\nif [ $? != 0 ] ; then\n    # print error to STDERR\n    echo \"error: The sandbox is not in sync with the Podfile.lock. Run 'pod install' or update your CocoaPods installation.\" >&2\n    exit 1\nfi\n# This output is used by Xcode 'outputs' to avoid re-running this script phase.\necho \"SUCCESS\" > \"${SCRIPT_OUTPUT_FILE_0}\"\n";
			showEnvVarsInLog = 0;
		};
		E4D575BC29CC28394C0DBAF3 /* [CP] Embed Pods Frameworks */ = {
			isa = PBXShellScriptBuildPhase;
			buildActionMask = 2147483647;
			files = (
			);
			inputFileListPaths = (
				"${PODS_ROOT}/Target Support Files/Pods-AmazingRepositories/Pods-AmazingRepositories-frameworks-${CONFIGURATION}-input-files.xcfilelist",
			);
			name = "[CP] Embed Pods Frameworks";
			outputFileListPaths = (
				"${PODS_ROOT}/Target Support Files/Pods-AmazingRepositories/Pods-AmazingRepositories-frameworks-${CONFIGURATION}-output-files.xcfilelist",
			);
			runOnlyForDeploymentPostprocessing = 0;
			shellPath = /bin/sh;
			shellScript = "\"${PODS_ROOT}/Target Support Files/Pods-AmazingRepositories/Pods-AmazingRepositories-frameworks.sh\"\n";
			showEnvVarsInLog = 0;
		};
/* End PBXShellScriptBuildPhase section */

/* Begin PBXSourcesBuildPhase section */
		FD084BBD2397E4E7000DC451 /* Sources */ = {
			isa = PBXSourcesBuildPhase;
			buildActionMask = 2147483647;
			files = (
				FD9B33F22397E5A10044943F /* XCTestCase+KIF.swift in Sources */,
				FD9B33F52397E7EE0044943F /* ListRepositoriesViewControllerFunctionalTests.swift in Sources */,
			);
			runOnlyForDeploymentPostprocessing = 0;
		};
		FDF5DFDB238CA34500AB4F92 /* Sources */ = {
			isa = PBXSourcesBuildPhase;
			buildActionMask = 2147483647;
			files = (
				FDEF23862445EA5E00FAE642 /* ListPullRequestsHeaderView.swift in Sources */,
				FDEF238A24463EEB00FAE642 /* ListPullRequestsEmptyStateView.swift in Sources */,
				FDEF237224454C2300FAE642 /* Sequence+Sorted.swift in Sources */,
				FD9B33FE2397F99B0044943F /* String+Localizable.swift in Sources */,
				FDAB351E238DFDB100FACF31 /* UIColor+Theme.swift in Sources */,
				FDEF237E2445D5E800FAE642 /* ListPullRequestsViewController.swift in Sources */,
				FD8330612399F9C8001A675E /* DummyHeaderView.swift in Sources */,
				FD31D9DF238CA75100FAE610 /* ListRepositoriesPresenter.swift in Sources */,
				FDEF23882445ED6C00FAE642 /* ListPullRequestsTableViewCell.swift in Sources */,
				FDEF236E24453B8600FAE642 /* CGFloat+Metrics.swift in Sources */,
				FDEF237F2445D5E800FAE642 /* ListPullRequestsInteractor.swift in Sources */,
				FD31D9E7238CA83600FAE610 /* Endpoint.swift in Sources */,
				FDEF237B2445D5E800FAE642 /* ListPullRequestsWorker.swift in Sources */,
				FD31D9ED238CAA1700FAE610 /* Endpoint+Repositories.swift in Sources */,
				FD31D9E3238CA75100FAE610 /* ListRepositoriesViewController.swift in Sources */,
				FDEF237D2445D5E800FAE642 /* ListPullRequestsModels.swift in Sources */,
				FD31D9E2238CA75100FAE610 /* ListRepositoriesModels.swift in Sources */,
				FD7BAB602394209000B20C01 /* EmptyClosure.swift in Sources */,
				FDEF238C24467C5800FAE642 /* ListPullRequestsErrorStateView.swift in Sources */,
				FDEF23812445DF1F00FAE642 /* Endpoint+PullRequests.swift in Sources */,
				FDAB3520238E157300FACF31 /* ListRepositoriesTableHeaderView.swift in Sources */,
				FDEF23842445E2C100FAE642 /* ListPullRequestsView.swift in Sources */,
				FD60EE642390A5E1008701C5 /* Int+SmallNumbers.swift in Sources */,
				FD31D9E1238CA75100FAE610 /* ListRepositoriesRouter.swift in Sources */,
				FD31D9F1238CB8EA00FAE610 /* CustomViewDelegate.swift in Sources */,
				FD7BAB5E23941B8200B20C01 /* UIViewController+Alerts.swift in Sources */,
				FDEF237C2445D5E800FAE642 /* ListPullRequestsRouter.swift in Sources */,
				FD31D9E4238CA75100FAE610 /* ListRepositoriesInteractor.swift in Sources */,
				FD31D9E0238CA75100FAE610 /* ListRepositoriesWorker.swift in Sources */,
				FD8330682399FC2D001A675E /* DummyLoadingAlertView.swift in Sources */,
				FDEF237A2445D5E800FAE642 /* ListPullRequestsPresenter.swift in Sources */,
				FD9B3400239803440044943F /* String+AccessibilityIdentifiers.swift in Sources */,
				FD7BAB5C23941ABC00B20C01 /* LoadingActivityIndicator.swift in Sources */,
				FD31D9F3238CB92900FAE610 /* ListRepositoriesTableViewCell.swift in Sources */,
				FD83305D2399F50C001A675E /* DummyRepositoryTableView.swift in Sources */,
				FDF5DFE3238CA34600AB4F92 /* AppDelegate.swift in Sources */,
				FD31D9EB238CA95C00FAE610 /* NetworkError.swift in Sources */,
				FD31D9E9238CA8F100FAE610 /* NetworkProvider.swift in Sources */,
				FD60EE60239074CD008701C5 /* UIFont+Theme.swift in Sources */,
			);
			runOnlyForDeploymentPostprocessing = 0;
		};
		FDF5DFF1238CA34700AB4F92 /* Sources */ = {
			isa = PBXSourcesBuildPhase;
			buildActionMask = 2147483647;
			files = (
				FD1EEEF52396CAF700AE5562 /* MockListRepositoriesPresenter.swift in Sources */,
				FD31595023971F17008D1DE7 /* ListRepositoriesViewControllerSnapshotTests.swift in Sources */,
				FD1EEEF72396CB1C00AE5562 /* MockListRepositoriesWorker.swift in Sources */,
				FD83306A2399FCB1001A675E /* LoadingAlertViewSnapshotTests.swift in Sources */,
				FD7A6C8D2396DB4300661637 /* ReturnTypes.swift in Sources */,
				FDFC9EA5244717240037F7FF /* ListPullRequestsInteractorUnitTests.swift in Sources */,
				FD315949239701E5008D1DE7 /* JSONReaderHelper.swift in Sources */,
				FD31595223972010008D1DE7 /* MockListRepositoriesInteractor.swift in Sources */,
				FDFC9EAB244718360037F7FF /* MockListPullRequestsWorker.swift in Sources */,
				FD8330632399FB77001A675E /* RepositoryTableHeaderViewSnapshotTests.swift in Sources */,
				FDFC9EA9244717A30037F7FF /* MockListPullRequestsPresenter.swift in Sources */,
				FD1EEEF22396C65800AE5562 /* ListRepositoriesInteractorUnitTests.swift in Sources */,
			);
			runOnlyForDeploymentPostprocessing = 0;
		};
/* End PBXSourcesBuildPhase section */

/* Begin PBXTargetDependency section */
		FD084BC72397E4E7000DC451 /* PBXTargetDependency */ = {
			isa = PBXTargetDependency;
			target = FDF5DFDE238CA34500AB4F92 /* AmazingRepositories */;
			targetProxy = FD084BC62397E4E7000DC451 /* PBXContainerItemProxy */;
		};
		FDF5DFF7238CA34700AB4F92 /* PBXTargetDependency */ = {
			isa = PBXTargetDependency;
			target = FDF5DFDE238CA34500AB4F92 /* AmazingRepositories */;
			targetProxy = FDF5DFF6238CA34700AB4F92 /* PBXContainerItemProxy */;
		};
/* End PBXTargetDependency section */

/* Begin PBXVariantGroup section */
		FD9B33FB2397F6D40044943F /* Localizable.strings */ = {
			isa = PBXVariantGroup;
			children = (
				FD9B33FA2397F6D40044943F /* en */,
				FD9B33FC2397F6E10044943F /* pt-BR */,
			);
			name = Localizable.strings;
			sourceTree = "<group>";
		};
		FDF5DFED238CA34700AB4F92 /* LaunchScreen.storyboard */ = {
			isa = PBXVariantGroup;
			children = (
				FDF5DFEE238CA34700AB4F92 /* Base */,
				FD9B33F82397F6C90044943F /* pt-BR */,
			);
			name = LaunchScreen.storyboard;
			sourceTree = "<group>";
		};
/* End PBXVariantGroup section */

/* Begin XCBuildConfiguration section */
		FD084BC82397E4E7000DC451 /* Debug */ = {
			isa = XCBuildConfiguration;
			baseConfigurationReference = 90C5491DA4A6A6B476598E02 /* Pods-AmazingRepositories-AmazingRepositoriesFuncionalTests.debug.xcconfig */;
			buildSettings = {
				BUNDLE_LOADER = "$(TEST_HOST)";
				CODE_SIGN_STYLE = Automatic;
				INFOPLIST_FILE = AmazingRepositoriesFuncionalTests/Info.plist;
				LD_RUNPATH_SEARCH_PATHS = (
					"$(inherited)",
					"@executable_path/Frameworks",
					"@loader_path/Frameworks",
				);
				PRODUCT_BUNDLE_IDENTIFIER = com.leandroromano.AmazingRepositoriesFuncionalTests;
				PRODUCT_NAME = "$(TARGET_NAME)";
				SWIFT_VERSION = 5.0;
				TARGETED_DEVICE_FAMILY = "1,2";
				TEST_HOST = "$(BUILT_PRODUCTS_DIR)/AmazingRepositories.app/AmazingRepositories";
			};
			name = Debug;
		};
		FD084BC92397E4E7000DC451 /* Release */ = {
			isa = XCBuildConfiguration;
			baseConfigurationReference = 538053B561C06FF57DA1A55B /* Pods-AmazingRepositories-AmazingRepositoriesFuncionalTests.release.xcconfig */;
			buildSettings = {
				BUNDLE_LOADER = "$(TEST_HOST)";
				CODE_SIGN_STYLE = Automatic;
				INFOPLIST_FILE = AmazingRepositoriesFuncionalTests/Info.plist;
				LD_RUNPATH_SEARCH_PATHS = (
					"$(inherited)",
					"@executable_path/Frameworks",
					"@loader_path/Frameworks",
				);
				PRODUCT_BUNDLE_IDENTIFIER = com.leandroromano.AmazingRepositoriesFuncionalTests;
				PRODUCT_NAME = "$(TARGET_NAME)";
				SWIFT_VERSION = 5.0;
				TARGETED_DEVICE_FAMILY = "1,2";
				TEST_HOST = "$(BUILT_PRODUCTS_DIR)/AmazingRepositories.app/AmazingRepositories";
			};
			name = Release;
		};
		FDF5E007238CA34700AB4F92 /* Debug */ = {
			isa = XCBuildConfiguration;
			buildSettings = {
				ALWAYS_SEARCH_USER_PATHS = NO;
				CLANG_ANALYZER_LOCALIZABILITY_NONLOCALIZED = YES;
				CLANG_ANALYZER_NONNULL = YES;
				CLANG_ANALYZER_NUMBER_OBJECT_CONVERSION = YES_AGGRESSIVE;
				CLANG_CXX_LANGUAGE_STANDARD = "gnu++14";
				CLANG_CXX_LIBRARY = "libc++";
				CLANG_ENABLE_MODULES = YES;
				CLANG_ENABLE_OBJC_ARC = YES;
				CLANG_ENABLE_OBJC_WEAK = YES;
				CLANG_WARN_BLOCK_CAPTURE_AUTORELEASING = YES;
				CLANG_WARN_BOOL_CONVERSION = YES;
				CLANG_WARN_COMMA = YES;
				CLANG_WARN_CONSTANT_CONVERSION = YES;
				CLANG_WARN_DEPRECATED_OBJC_IMPLEMENTATIONS = YES;
				CLANG_WARN_DIRECT_OBJC_ISA_USAGE = YES_ERROR;
				CLANG_WARN_DOCUMENTATION_COMMENTS = YES;
				CLANG_WARN_EMPTY_BODY = YES;
				CLANG_WARN_ENUM_CONVERSION = YES;
				CLANG_WARN_INFINITE_RECURSION = YES;
				CLANG_WARN_INT_CONVERSION = YES;
				CLANG_WARN_NON_LITERAL_NULL_CONVERSION = YES;
				CLANG_WARN_OBJC_IMPLICIT_RETAIN_SELF = YES;
				CLANG_WARN_OBJC_LITERAL_CONVERSION = YES;
				CLANG_WARN_OBJC_ROOT_CLASS = YES_ERROR;
				CLANG_WARN_RANGE_LOOP_ANALYSIS = YES;
				CLANG_WARN_STRICT_PROTOTYPES = YES;
				CLANG_WARN_SUSPICIOUS_MOVE = YES;
				CLANG_WARN_UNGUARDED_AVAILABILITY = YES_AGGRESSIVE;
				CLANG_WARN_UNREACHABLE_CODE = YES;
				CLANG_WARN__DUPLICATE_METHOD_MATCH = YES;
				COPY_PHASE_STRIP = NO;
				DEBUG_INFORMATION_FORMAT = dwarf;
				ENABLE_STRICT_OBJC_MSGSEND = YES;
				ENABLE_TESTABILITY = YES;
				GCC_C_LANGUAGE_STANDARD = gnu11;
				GCC_DYNAMIC_NO_PIC = NO;
				GCC_NO_COMMON_BLOCKS = YES;
				GCC_OPTIMIZATION_LEVEL = 0;
				GCC_PREPROCESSOR_DEFINITIONS = (
					"DEBUG=1",
					"$(inherited)",
				);
				GCC_WARN_64_TO_32_BIT_CONVERSION = YES;
				GCC_WARN_ABOUT_RETURN_TYPE = YES_ERROR;
				GCC_WARN_UNDECLARED_SELECTOR = YES;
				GCC_WARN_UNINITIALIZED_AUTOS = YES_AGGRESSIVE;
				GCC_WARN_UNUSED_FUNCTION = YES;
				GCC_WARN_UNUSED_VARIABLE = YES;
				IPHONEOS_DEPLOYMENT_TARGET = 13.2;
				MTL_ENABLE_DEBUG_INFO = INCLUDE_SOURCE;
				MTL_FAST_MATH = YES;
				ONLY_ACTIVE_ARCH = YES;
				SDKROOT = iphoneos;
				SWIFT_ACTIVE_COMPILATION_CONDITIONS = DEBUG;
				SWIFT_OPTIMIZATION_LEVEL = "-Onone";
			};
			name = Debug;
		};
		FDF5E008238CA34700AB4F92 /* Release */ = {
			isa = XCBuildConfiguration;
			buildSettings = {
				ALWAYS_SEARCH_USER_PATHS = NO;
				CLANG_ANALYZER_LOCALIZABILITY_NONLOCALIZED = YES;
				CLANG_ANALYZER_NONNULL = YES;
				CLANG_ANALYZER_NUMBER_OBJECT_CONVERSION = YES_AGGRESSIVE;
				CLANG_CXX_LANGUAGE_STANDARD = "gnu++14";
				CLANG_CXX_LIBRARY = "libc++";
				CLANG_ENABLE_MODULES = YES;
				CLANG_ENABLE_OBJC_ARC = YES;
				CLANG_ENABLE_OBJC_WEAK = YES;
				CLANG_WARN_BLOCK_CAPTURE_AUTORELEASING = YES;
				CLANG_WARN_BOOL_CONVERSION = YES;
				CLANG_WARN_COMMA = YES;
				CLANG_WARN_CONSTANT_CONVERSION = YES;
				CLANG_WARN_DEPRECATED_OBJC_IMPLEMENTATIONS = YES;
				CLANG_WARN_DIRECT_OBJC_ISA_USAGE = YES_ERROR;
				CLANG_WARN_DOCUMENTATION_COMMENTS = YES;
				CLANG_WARN_EMPTY_BODY = YES;
				CLANG_WARN_ENUM_CONVERSION = YES;
				CLANG_WARN_INFINITE_RECURSION = YES;
				CLANG_WARN_INT_CONVERSION = YES;
				CLANG_WARN_NON_LITERAL_NULL_CONVERSION = YES;
				CLANG_WARN_OBJC_IMPLICIT_RETAIN_SELF = YES;
				CLANG_WARN_OBJC_LITERAL_CONVERSION = YES;
				CLANG_WARN_OBJC_ROOT_CLASS = YES_ERROR;
				CLANG_WARN_RANGE_LOOP_ANALYSIS = YES;
				CLANG_WARN_STRICT_PROTOTYPES = YES;
				CLANG_WARN_SUSPICIOUS_MOVE = YES;
				CLANG_WARN_UNGUARDED_AVAILABILITY = YES_AGGRESSIVE;
				CLANG_WARN_UNREACHABLE_CODE = YES;
				CLANG_WARN__DUPLICATE_METHOD_MATCH = YES;
				COPY_PHASE_STRIP = NO;
				DEBUG_INFORMATION_FORMAT = "dwarf-with-dsym";
				ENABLE_NS_ASSERTIONS = NO;
				ENABLE_STRICT_OBJC_MSGSEND = YES;
				GCC_C_LANGUAGE_STANDARD = gnu11;
				GCC_NO_COMMON_BLOCKS = YES;
				GCC_WARN_64_TO_32_BIT_CONVERSION = YES;
				GCC_WARN_ABOUT_RETURN_TYPE = YES_ERROR;
				GCC_WARN_UNDECLARED_SELECTOR = YES;
				GCC_WARN_UNINITIALIZED_AUTOS = YES_AGGRESSIVE;
				GCC_WARN_UNUSED_FUNCTION = YES;
				GCC_WARN_UNUSED_VARIABLE = YES;
				IPHONEOS_DEPLOYMENT_TARGET = 13.2;
				MTL_ENABLE_DEBUG_INFO = NO;
				MTL_FAST_MATH = YES;
				SDKROOT = iphoneos;
				SWIFT_COMPILATION_MODE = wholemodule;
				SWIFT_OPTIMIZATION_LEVEL = "-O";
				VALIDATE_PRODUCT = YES;
			};
			name = Release;
		};
		FDF5E00A238CA34700AB4F92 /* Debug */ = {
			isa = XCBuildConfiguration;
			baseConfigurationReference = 3B860351DC6568687C8EC659 /* Pods-AmazingRepositories.debug.xcconfig */;
			buildSettings = {
				ASSETCATALOG_COMPILER_APPICON_NAME = AppIcon;
				CODE_SIGN_STYLE = Automatic;
				DEVELOPMENT_TEAM = "";
				INFOPLIST_FILE = AmazingRepositories/Resources/Info.plist;
				LD_RUNPATH_SEARCH_PATHS = (
					"$(inherited)",
					"@executable_path/Frameworks",
				);
				PRODUCT_BUNDLE_IDENTIFIER = com.leandroromano.AmazingRepositories;
				PRODUCT_NAME = AmazingRepositories;
				SWIFT_VERSION = 5.0;
				TARGETED_DEVICE_FAMILY = 1;
			};
			name = Debug;
		};
		FDF5E00B238CA34700AB4F92 /* Release */ = {
			isa = XCBuildConfiguration;
			baseConfigurationReference = 3C1A23AE0C215BB917A3177D /* Pods-AmazingRepositories.release.xcconfig */;
			buildSettings = {
				ASSETCATALOG_COMPILER_APPICON_NAME = AppIcon;
				CODE_SIGN_STYLE = Automatic;
				DEVELOPMENT_TEAM = "";
				INFOPLIST_FILE = AmazingRepositories/Resources/Info.plist;
				LD_RUNPATH_SEARCH_PATHS = (
					"$(inherited)",
					"@executable_path/Frameworks",
				);
				PRODUCT_BUNDLE_IDENTIFIER = com.leandroromano.AmazingRepositories;
				PRODUCT_NAME = AmazingRepositories;
				SWIFT_VERSION = 5.0;
				TARGETED_DEVICE_FAMILY = 1;
			};
			name = Release;
		};
		FDF5E00D238CA34700AB4F92 /* Debug */ = {
			isa = XCBuildConfiguration;
			baseConfigurationReference = 8D9F6BDBF82AD315458212B9 /* Pods-AmazingRepositoriesTests.debug.xcconfig */;
			buildSettings = {
				ALWAYS_EMBED_SWIFT_STANDARD_LIBRARIES = YES;
				BUNDLE_LOADER = "$(TEST_HOST)";
				CODE_SIGN_STYLE = Automatic;
				INFOPLIST_FILE = AmazingRepositoriesTests/Info.plist;
				IPHONEOS_DEPLOYMENT_TARGET = 13.2;
				LD_RUNPATH_SEARCH_PATHS = (
					"$(inherited)",
					"@executable_path/Frameworks",
					"@loader_path/Frameworks",
				);
				PRODUCT_BUNDLE_IDENTIFIER = com.leandroromano.AmazingRepositoriesTests;
				PRODUCT_NAME = "$(TARGET_NAME)";
				SWIFT_VERSION = 5.0;
				TARGETED_DEVICE_FAMILY = "1,2";
				TEST_HOST = "$(BUILT_PRODUCTS_DIR)/AmazingRepositories.app/AmazingRepositories";
			};
			name = Debug;
		};
		FDF5E00E238CA34700AB4F92 /* Release */ = {
			isa = XCBuildConfiguration;
			baseConfigurationReference = FDCE34FC1B2428806C26A682 /* Pods-AmazingRepositoriesTests.release.xcconfig */;
			buildSettings = {
				ALWAYS_EMBED_SWIFT_STANDARD_LIBRARIES = YES;
				BUNDLE_LOADER = "$(TEST_HOST)";
				CODE_SIGN_STYLE = Automatic;
				INFOPLIST_FILE = AmazingRepositoriesTests/Info.plist;
				IPHONEOS_DEPLOYMENT_TARGET = 13.2;
				LD_RUNPATH_SEARCH_PATHS = (
					"$(inherited)",
					"@executable_path/Frameworks",
					"@loader_path/Frameworks",
				);
				PRODUCT_BUNDLE_IDENTIFIER = com.leandroromano.AmazingRepositoriesTests;
				PRODUCT_NAME = "$(TARGET_NAME)";
				SWIFT_VERSION = 5.0;
				TARGETED_DEVICE_FAMILY = "1,2";
				TEST_HOST = "$(BUILT_PRODUCTS_DIR)/AmazingRepositories.app/AmazingRepositories";
			};
			name = Release;
		};
/* End XCBuildConfiguration section */

/* Begin XCConfigurationList section */
		FD084BCA2397E4E7000DC451 /* Build configuration list for PBXNativeTarget "AmazingRepositoriesFuncionalTests" */ = {
			isa = XCConfigurationList;
			buildConfigurations = (
				FD084BC82397E4E7000DC451 /* Debug */,
				FD084BC92397E4E7000DC451 /* Release */,
			);
			defaultConfigurationIsVisible = 0;
			defaultConfigurationName = Release;
		};
		FDF5DFDA238CA34500AB4F92 /* Build configuration list for PBXProject "AmazingRepositories" */ = {
			isa = XCConfigurationList;
			buildConfigurations = (
				FDF5E007238CA34700AB4F92 /* Debug */,
				FDF5E008238CA34700AB4F92 /* Release */,
			);
			defaultConfigurationIsVisible = 0;
			defaultConfigurationName = Release;
		};
		FDF5E009238CA34700AB4F92 /* Build configuration list for PBXNativeTarget "AmazingRepositories" */ = {
			isa = XCConfigurationList;
			buildConfigurations = (
				FDF5E00A238CA34700AB4F92 /* Debug */,
				FDF5E00B238CA34700AB4F92 /* Release */,
			);
			defaultConfigurationIsVisible = 0;
			defaultConfigurationName = Release;
		};
		FDF5E00C238CA34700AB4F92 /* Build configuration list for PBXNativeTarget "AmazingRepositoriesTests" */ = {
			isa = XCConfigurationList;
			buildConfigurations = (
				FDF5E00D238CA34700AB4F92 /* Debug */,
				FDF5E00E238CA34700AB4F92 /* Release */,
			);
			defaultConfigurationIsVisible = 0;
			defaultConfigurationName = Release;
		};
/* End XCConfigurationList section */
	};
	rootObject = FDF5DFD7238CA34500AB4F92 /* Project object */;
}
